// !$*UTF8*$!
{
	archiveVersion = 1;
	classes = {
	};
	objectVersion = 50;
	objects = {

/* Begin PBXBuildFile section */
		8A64F9D723AB667D0080F7B8 /* StudyTab.swift in Sources */ = {isa = PBXBuildFile; fileRef = 8A64F9D623AB667D0080F7B8 /* StudyTab.swift */; };
		8A64F9D823AB667D0080F7B8 /* StudyTab.swift in Sources */ = {isa = PBXBuildFile; fileRef = 8A64F9D623AB667D0080F7B8 /* StudyTab.swift */; };
		8A64F9DA23AB67BB0080F7B8 /* StudyHostingController.swift in Sources */ = {isa = PBXBuildFile; fileRef = 8A64F9D923AB67BB0080F7B8 /* StudyHostingController.swift */; };
		8A64F9DC23AB6E9A0080F7B8 /* MainView.swift in Sources */ = {isa = PBXBuildFile; fileRef = 8A64F9DB23AB6E9A0080F7B8 /* MainView.swift */; };
		8A7B0F6723AA0B9200DC1645 /* ListsTab.swift in Sources */ = {isa = PBXBuildFile; fileRef = 8A7B0F6623AA0B9200DC1645 /* ListsTab.swift */; };
		8A7B0F6823AA0B9200DC1645 /* ListsTab.swift in Sources */ = {isa = PBXBuildFile; fileRef = 8A7B0F6623AA0B9200DC1645 /* ListsTab.swift */; };
		8A7B0F6A23AA1FFC00DC1645 /* hsk2.json in Resources */ = {isa = PBXBuildFile; fileRef = 8A7B0F6923AA1FFC00DC1645 /* hsk2.json */; };
		8A7B0F6B23AA1FFC00DC1645 /* hsk2.json in Resources */ = {isa = PBXBuildFile; fileRef = 8A7B0F6923AA1FFC00DC1645 /* hsk2.json */; };
		8A7B0F6D23AA21F400DC1645 /* hsk3.json in Resources */ = {isa = PBXBuildFile; fileRef = 8A7B0F6C23AA21F400DC1645 /* hsk3.json */; };
		8A7B0F6E23AA21F400DC1645 /* hsk3.json in Resources */ = {isa = PBXBuildFile; fileRef = 8A7B0F6C23AA21F400DC1645 /* hsk3.json */; };
		8AD525C923A6253600274135 /* AppDelegate.swift in Sources */ = {isa = PBXBuildFile; fileRef = 8AD525C823A6253600274135 /* AppDelegate.swift */; };
		8AD525CB23A6253600274135 /* SceneDelegate.swift in Sources */ = {isa = PBXBuildFile; fileRef = 8AD525CA23A6253600274135 /* SceneDelegate.swift */; };
		8AD525CD23A6253600274135 /* VocabList.swift in Sources */ = {isa = PBXBuildFile; fileRef = 8AD525CC23A6253600274135 /* VocabList.swift */; };
		8AD525CF23A6253800274135 /* Assets.xcassets in Resources */ = {isa = PBXBuildFile; fileRef = 8AD525CE23A6253800274135 /* Assets.xcassets */; };
		8AD525D223A6253800274135 /* Preview Assets.xcassets in Resources */ = {isa = PBXBuildFile; fileRef = 8AD525D123A6253800274135 /* Preview Assets.xcassets */; };
		8AD525D523A6253800274135 /* LaunchScreen.storyboard in Resources */ = {isa = PBXBuildFile; fileRef = 8AD525D323A6253800274135 /* LaunchScreen.storyboard */; };
		8AD525DD23A6270F00274135 /* Data.swift in Sources */ = {isa = PBXBuildFile; fileRef = 8AD525DC23A6270F00274135 /* Data.swift */; };
		8AD525DF23A629DE00274135 /* hsk1.json in Resources */ = {isa = PBXBuildFile; fileRef = 8AD525DE23A629DE00274135 /* hsk1.json */; };
		8AD525E123A62FA600274135 /* VocabRow.swift in Sources */ = {isa = PBXBuildFile; fileRef = 8AD525E023A62FA600274135 /* VocabRow.swift */; };
		8AD525E823A634CA00274135 /* Interface.storyboard in Resources */ = {isa = PBXBuildFile; fileRef = 8AD525E623A634CA00274135 /* Interface.storyboard */; };
		8AD525EA23A634CC00274135 /* Assets.xcassets in Resources */ = {isa = PBXBuildFile; fileRef = 8AD525E923A634CC00274135 /* Assets.xcassets */; };
		8AD525F123A634CC00274135 /* WatchLanternhsk Extension.appex in Embed App Extensions */ = {isa = PBXBuildFile; fileRef = 8AD525F023A634CC00274135 /* WatchLanternhsk Extension.appex */; settings = {ATTRIBUTES = (RemoveHeadersOnCopy, ); }; };
		8AD525F623A634CC00274135 /* VocabListWatch.swift in Sources */ = {isa = PBXBuildFile; fileRef = 8AD525F523A634CC00274135 /* VocabListWatch.swift */; };
		8AD525F823A634CC00274135 /* ListsHostingController.swift in Sources */ = {isa = PBXBuildFile; fileRef = 8AD525F723A634CC00274135 /* ListsHostingController.swift */; };
		8AD525FA23A634CC00274135 /* ExtensionDelegate.swift in Sources */ = {isa = PBXBuildFile; fileRef = 8AD525F923A634CC00274135 /* ExtensionDelegate.swift */; };
		8AD525FC23A634CC00274135 /* ComplicationController.swift in Sources */ = {isa = PBXBuildFile; fileRef = 8AD525FB23A634CC00274135 /* ComplicationController.swift */; };
		8AD525FE23A634CD00274135 /* Assets.xcassets in Resources */ = {isa = PBXBuildFile; fileRef = 8AD525FD23A634CC00274135 /* Assets.xcassets */; };
		8AD5260123A634CD00274135 /* Preview Assets.xcassets in Resources */ = {isa = PBXBuildFile; fileRef = 8AD5260023A634CD00274135 /* Preview Assets.xcassets */; };
		8AD5260523A634CD00274135 /* WatchLanternhsk.app in Embed Watch Content */ = {isa = PBXBuildFile; fileRef = 8AD525E423A634CA00274135 /* WatchLanternhsk.app */; settings = {ATTRIBUTES = (RemoveHeadersOnCopy, ); }; };
		8AD5260E23A6354300274135 /* Data.swift in Sources */ = {isa = PBXBuildFile; fileRef = 8AD525DC23A6270F00274135 /* Data.swift */; };
		8AD5261023A6354300274135 /* VocabRow.swift in Sources */ = {isa = PBXBuildFile; fileRef = 8AD525E023A62FA600274135 /* VocabRow.swift */; };
		8AD5261123A6354300274135 /* hsk1.json in Resources */ = {isa = PBXBuildFile; fileRef = 8AD525DE23A629DE00274135 /* hsk1.json */; };
/* End PBXBuildFile section */

/* Begin PBXContainerItemProxy section */
		8AD525F223A634CC00274135 /* PBXContainerItemProxy */ = {
			isa = PBXContainerItemProxy;
			containerPortal = 8AD525BD23A6253600274135 /* Project object */;
			proxyType = 1;
			remoteGlobalIDString = 8AD525EF23A634CC00274135;
			remoteInfo = "WatchLanternhsk Extension";
		};
		8AD5260323A634CD00274135 /* PBXContainerItemProxy */ = {
			isa = PBXContainerItemProxy;
			containerPortal = 8AD525BD23A6253600274135 /* Project object */;
			proxyType = 1;
			remoteGlobalIDString = 8AD525E323A634CA00274135;
			remoteInfo = WatchLanternhsk;
		};
/* End PBXContainerItemProxy section */

/* Begin PBXCopyFilesBuildPhase section */
		8AD5260923A634CD00274135 /* Embed App Extensions */ = {
			isa = PBXCopyFilesBuildPhase;
			buildActionMask = 2147483647;
			dstPath = "";
			dstSubfolderSpec = 13;
			files = (
				8AD525F123A634CC00274135 /* WatchLanternhsk Extension.appex in Embed App Extensions */,
			);
			name = "Embed App Extensions";
			runOnlyForDeploymentPostprocessing = 0;
		};
		8AD5260D23A634CD00274135 /* Embed Watch Content */ = {
			isa = PBXCopyFilesBuildPhase;
			buildActionMask = 2147483647;
			dstPath = "$(CONTENTS_FOLDER_PATH)/Watch";
			dstSubfolderSpec = 16;
			files = (
				8AD5260523A634CD00274135 /* WatchLanternhsk.app in Embed Watch Content */,
			);
			name = "Embed Watch Content";
			runOnlyForDeploymentPostprocessing = 0;
		};
/* End PBXCopyFilesBuildPhase section */

/* Begin PBXFileReference section */
		8A64F9D623AB667D0080F7B8 /* StudyTab.swift */ = {isa = PBXFileReference; lastKnownFileType = sourcecode.swift; path = StudyTab.swift; sourceTree = "<group>"; };
		8A64F9D923AB67BB0080F7B8 /* StudyHostingController.swift */ = {isa = PBXFileReference; lastKnownFileType = sourcecode.swift; path = StudyHostingController.swift; sourceTree = "<group>"; };
		8A64F9DB23AB6E9A0080F7B8 /* MainView.swift */ = {isa = PBXFileReference; lastKnownFileType = sourcecode.swift; path = MainView.swift; sourceTree = "<group>"; };
		8A7B0F6623AA0B9200DC1645 /* ListsTab.swift */ = {isa = PBXFileReference; lastKnownFileType = sourcecode.swift; path = ListsTab.swift; sourceTree = "<group>"; };
		8A7B0F6923AA1FFC00DC1645 /* hsk2.json */ = {isa = PBXFileReference; lastKnownFileType = text.json; path = hsk2.json; sourceTree = "<group>"; };
		8A7B0F6C23AA21F400DC1645 /* hsk3.json */ = {isa = PBXFileReference; lastKnownFileType = text.json; path = hsk3.json; sourceTree = "<group>"; };
		8AD525C523A6253600274135 /* lanternhsk.app */ = {isa = PBXFileReference; explicitFileType = wrapper.application; includeInIndex = 0; path = lanternhsk.app; sourceTree = BUILT_PRODUCTS_DIR; };
		8AD525C823A6253600274135 /* AppDelegate.swift */ = {isa = PBXFileReference; lastKnownFileType = sourcecode.swift; path = AppDelegate.swift; sourceTree = "<group>"; };
		8AD525CA23A6253600274135 /* SceneDelegate.swift */ = {isa = PBXFileReference; lastKnownFileType = sourcecode.swift; path = SceneDelegate.swift; sourceTree = "<group>"; };
		8AD525CC23A6253600274135 /* VocabList.swift */ = {isa = PBXFileReference; lastKnownFileType = sourcecode.swift; path = VocabList.swift; sourceTree = "<group>"; };
		8AD525CE23A6253800274135 /* Assets.xcassets */ = {isa = PBXFileReference; lastKnownFileType = folder.assetcatalog; path = Assets.xcassets; sourceTree = "<group>"; };
		8AD525D123A6253800274135 /* Preview Assets.xcassets */ = {isa = PBXFileReference; lastKnownFileType = folder.assetcatalog; path = "Preview Assets.xcassets"; sourceTree = "<group>"; };
		8AD525D423A6253800274135 /* Base */ = {isa = PBXFileReference; lastKnownFileType = file.storyboard; name = Base; path = Base.lproj/LaunchScreen.storyboard; sourceTree = "<group>"; };
		8AD525D623A6253800274135 /* Info.plist */ = {isa = PBXFileReference; lastKnownFileType = text.plist.xml; path = Info.plist; sourceTree = "<group>"; };
		8AD525DC23A6270F00274135 /* Data.swift */ = {isa = PBXFileReference; lastKnownFileType = sourcecode.swift; path = Data.swift; sourceTree = "<group>"; };
		8AD525DE23A629DE00274135 /* hsk1.json */ = {isa = PBXFileReference; lastKnownFileType = text.json; path = hsk1.json; sourceTree = "<group>"; };
		8AD525E023A62FA600274135 /* VocabRow.swift */ = {isa = PBXFileReference; lastKnownFileType = sourcecode.swift; path = VocabRow.swift; sourceTree = "<group>"; };
		8AD525E423A634CA00274135 /* WatchLanternhsk.app */ = {isa = PBXFileReference; explicitFileType = wrapper.application; includeInIndex = 0; path = WatchLanternhsk.app; sourceTree = BUILT_PRODUCTS_DIR; };
		8AD525E723A634CA00274135 /* Base */ = {isa = PBXFileReference; lastKnownFileType = file.storyboard; name = Base; path = Base.lproj/Interface.storyboard; sourceTree = "<group>"; };
		8AD525E923A634CC00274135 /* Assets.xcassets */ = {isa = PBXFileReference; lastKnownFileType = folder.assetcatalog; path = Assets.xcassets; sourceTree = "<group>"; };
		8AD525EB23A634CC00274135 /* Info.plist */ = {isa = PBXFileReference; lastKnownFileType = text.plist.xml; path = Info.plist; sourceTree = "<group>"; };
		8AD525F023A634CC00274135 /* WatchLanternhsk Extension.appex */ = {isa = PBXFileReference; explicitFileType = "wrapper.app-extension"; includeInIndex = 0; path = "WatchLanternhsk Extension.appex"; sourceTree = BUILT_PRODUCTS_DIR; };
		8AD525F523A634CC00274135 /* VocabListWatch.swift */ = {isa = PBXFileReference; lastKnownFileType = sourcecode.swift; path = VocabListWatch.swift; sourceTree = "<group>"; };
		8AD525F723A634CC00274135 /* ListsHostingController.swift */ = {isa = PBXFileReference; lastKnownFileType = sourcecode.swift; path = ListsHostingController.swift; sourceTree = "<group>"; };
		8AD525F923A634CC00274135 /* ExtensionDelegate.swift */ = {isa = PBXFileReference; lastKnownFileType = sourcecode.swift; path = ExtensionDelegate.swift; sourceTree = "<group>"; };
		8AD525FB23A634CC00274135 /* ComplicationController.swift */ = {isa = PBXFileReference; lastKnownFileType = sourcecode.swift; path = ComplicationController.swift; sourceTree = "<group>"; };
		8AD525FD23A634CC00274135 /* Assets.xcassets */ = {isa = PBXFileReference; lastKnownFileType = folder.assetcatalog; path = Assets.xcassets; sourceTree = "<group>"; };
		8AD5260023A634CD00274135 /* Preview Assets.xcassets */ = {isa = PBXFileReference; lastKnownFileType = folder.assetcatalog; path = "Preview Assets.xcassets"; sourceTree = "<group>"; };
		8AD5260223A634CD00274135 /* Info.plist */ = {isa = PBXFileReference; lastKnownFileType = text.plist.xml; path = Info.plist; sourceTree = "<group>"; };
/* End PBXFileReference section */

/* Begin PBXFrameworksBuildPhase section */
		8AD525C223A6253600274135 /* Frameworks */ = {
			isa = PBXFrameworksBuildPhase;
			buildActionMask = 2147483647;
			files = (
			);
			runOnlyForDeploymentPostprocessing = 0;
		};
		8AD525ED23A634CC00274135 /* Frameworks */ = {
			isa = PBXFrameworksBuildPhase;
			buildActionMask = 2147483647;
			files = (
			);
			runOnlyForDeploymentPostprocessing = 0;
		};
/* End PBXFrameworksBuildPhase section */

/* Begin PBXGroup section */
		8AD525BC23A6253600274135 = {
			isa = PBXGroup;
			children = (
				8AD525C723A6253600274135 /* lanternhsk */,
				8AD525E523A634CA00274135 /* WatchLanternhsk */,
				8AD525F423A634CC00274135 /* WatchLanternhsk Extension */,
				8AD525C623A6253600274135 /* Products */,
			);
			sourceTree = "<group>";
		};
		8AD525C623A6253600274135 /* Products */ = {
			isa = PBXGroup;
			children = (
				8AD525C523A6253600274135 /* lanternhsk.app */,
				8AD525E423A634CA00274135 /* WatchLanternhsk.app */,
				8AD525F023A634CC00274135 /* WatchLanternhsk Extension.appex */,
			);
			name = Products;
			sourceTree = "<group>";
		};
		8AD525C723A6253600274135 /* lanternhsk */ = {
			isa = PBXGroup;
			children = (
				8AD525DC23A6270F00274135 /* Data.swift */,
				8AD525C823A6253600274135 /* AppDelegate.swift */,
				8AD525CA23A6253600274135 /* SceneDelegate.swift */,
				8A64F9DB23AB6E9A0080F7B8 /* MainView.swift */,
				8A7B0F6623AA0B9200DC1645 /* ListsTab.swift */,
				8A64F9D623AB667D0080F7B8 /* StudyTab.swift */,
				8AD525CC23A6253600274135 /* VocabList.swift */,
				8AD525E023A62FA600274135 /* VocabRow.swift */,
				8AD525CE23A6253800274135 /* Assets.xcassets */,
				8AD525D323A6253800274135 /* LaunchScreen.storyboard */,
				8AD525DE23A629DE00274135 /* hsk1.json */,
				8A7B0F6923AA1FFC00DC1645 /* hsk2.json */,
				8A7B0F6C23AA21F400DC1645 /* hsk3.json */,
				8AD525D623A6253800274135 /* Info.plist */,
				8AD525D023A6253800274135 /* Preview Content */,
			);
			path = lanternhsk;
			sourceTree = "<group>";
		};
		8AD525D023A6253800274135 /* Preview Content */ = {
			isa = PBXGroup;
			children = (
				8AD525D123A6253800274135 /* Preview Assets.xcassets */,
			);
			path = "Preview Content";
			sourceTree = "<group>";
		};
		8AD525E523A634CA00274135 /* WatchLanternhsk */ = {
			isa = PBXGroup;
			children = (
				8AD525E623A634CA00274135 /* Interface.storyboard */,
				8AD525E923A634CC00274135 /* Assets.xcassets */,
				8AD525EB23A634CC00274135 /* Info.plist */,
			);
			path = WatchLanternhsk;
			sourceTree = "<group>";
		};
		8AD525F423A634CC00274135 /* WatchLanternhsk Extension */ = {
			isa = PBXGroup;
			children = (
				8AD525F723A634CC00274135 /* ListsHostingController.swift */,
				8A64F9D923AB67BB0080F7B8 /* StudyHostingController.swift */,
				8AD525F523A634CC00274135 /* VocabListWatch.swift */,
				8AD525F923A634CC00274135 /* ExtensionDelegate.swift */,
				8AD525FB23A634CC00274135 /* ComplicationController.swift */,
				8AD525FD23A634CC00274135 /* Assets.xcassets */,
				8AD5260223A634CD00274135 /* Info.plist */,
				8AD525FF23A634CD00274135 /* Preview Content */,
			);
			path = "WatchLanternhsk Extension";
			sourceTree = "<group>";
		};
		8AD525FF23A634CD00274135 /* Preview Content */ = {
			isa = PBXGroup;
			children = (
				8AD5260023A634CD00274135 /* Preview Assets.xcassets */,
			);
			path = "Preview Content";
			sourceTree = "<group>";
		};
/* End PBXGroup section */

/* Begin PBXNativeTarget section */
		8AD525C423A6253600274135 /* lanternhsk */ = {
			isa = PBXNativeTarget;
			buildConfigurationList = 8AD525D923A6253800274135 /* Build configuration list for PBXNativeTarget "lanternhsk" */;
			buildPhases = (
				8AD525C123A6253600274135 /* Sources */,
				8AD525C223A6253600274135 /* Frameworks */,
				8AD525C323A6253600274135 /* Resources */,
				8AD5260D23A634CD00274135 /* Embed Watch Content */,
			);
			buildRules = (
			);
			dependencies = (
				8AD5260423A634CD00274135 /* PBXTargetDependency */,
			);
			name = lanternhsk;
			productName = lanternhsk;
			productReference = 8AD525C523A6253600274135 /* lanternhsk.app */;
			productType = "com.apple.product-type.application";
		};
		8AD525E323A634CA00274135 /* WatchLanternhsk */ = {
			isa = PBXNativeTarget;
			buildConfigurationList = 8AD5260A23A634CD00274135 /* Build configuration list for PBXNativeTarget "WatchLanternhsk" */;
			buildPhases = (
				8AD525E223A634CA00274135 /* Resources */,
				8AD5260923A634CD00274135 /* Embed App Extensions */,
			);
			buildRules = (
			);
			dependencies = (
				8AD525F323A634CC00274135 /* PBXTargetDependency */,
			);
			name = WatchLanternhsk;
			productName = WatchLanternhsk;
			productReference = 8AD525E423A634CA00274135 /* WatchLanternhsk.app */;
			productType = "com.apple.product-type.application.watchapp2";
		};
		8AD525EF23A634CC00274135 /* WatchLanternhsk Extension */ = {
			isa = PBXNativeTarget;
			buildConfigurationList = 8AD5260623A634CD00274135 /* Build configuration list for PBXNativeTarget "WatchLanternhsk Extension" */;
			buildPhases = (
				8AD525EC23A634CC00274135 /* Sources */,
				8AD525ED23A634CC00274135 /* Frameworks */,
				8AD525EE23A634CC00274135 /* Resources */,
			);
			buildRules = (
			);
			dependencies = (
			);
			name = "WatchLanternhsk Extension";
			productName = "WatchLanternhsk Extension";
			productReference = 8AD525F023A634CC00274135 /* WatchLanternhsk Extension.appex */;
			productType = "com.apple.product-type.watchkit2-extension";
		};
/* End PBXNativeTarget section */

/* Begin PBXProject section */
		8AD525BD23A6253600274135 /* Project object */ = {
			isa = PBXProject;
			attributes = {
				LastSwiftUpdateCheck = 1120;
				LastUpgradeCheck = 1120;
				ORGANIZATIONNAME = "Alexey Smirnov";
				TargetAttributes = {
					8AD525C423A6253600274135 = {
						CreatedOnToolsVersion = 11.2.1;
					};
					8AD525E323A634CA00274135 = {
						CreatedOnToolsVersion = 11.2.1;
					};
					8AD525EF23A634CC00274135 = {
						CreatedOnToolsVersion = 11.2.1;
					};
				};
			};
			buildConfigurationList = 8AD525C023A6253600274135 /* Build configuration list for PBXProject "lanternhsk" */;
			compatibilityVersion = "Xcode 9.3";
			developmentRegion = en;
			hasScannedForEncodings = 0;
			knownRegions = (
				en,
				Base,
			);
			mainGroup = 8AD525BC23A6253600274135;
			productRefGroup = 8AD525C623A6253600274135 /* Products */;
			projectDirPath = "";
			projectRoot = "";
			targets = (
				8AD525C423A6253600274135 /* lanternhsk */,
				8AD525E323A634CA00274135 /* WatchLanternhsk */,
				8AD525EF23A634CC00274135 /* WatchLanternhsk Extension */,
			);
		};
/* End PBXProject section */

/* Begin PBXResourcesBuildPhase section */
		8AD525C323A6253600274135 /* Resources */ = {
			isa = PBXResourcesBuildPhase;
			buildActionMask = 2147483647;
			files = (
				8A7B0F6A23AA1FFC00DC1645 /* hsk2.json in Resources */,
				8AD525DF23A629DE00274135 /* hsk1.json in Resources */,
				8AD525D523A6253800274135 /* LaunchScreen.storyboard in Resources */,
				8AD525D223A6253800274135 /* Preview Assets.xcassets in Resources */,
				8A7B0F6D23AA21F400DC1645 /* hsk3.json in Resources */,
				8AD525CF23A6253800274135 /* Assets.xcassets in Resources */,
			);
			runOnlyForDeploymentPostprocessing = 0;
		};
		8AD525E223A634CA00274135 /* Resources */ = {
			isa = PBXResourcesBuildPhase;
			buildActionMask = 2147483647;
			files = (
				8AD525EA23A634CC00274135 /* Assets.xcassets in Resources */,
				8AD525E823A634CA00274135 /* Interface.storyboard in Resources */,
			);
			runOnlyForDeploymentPostprocessing = 0;
		};
		8AD525EE23A634CC00274135 /* Resources */ = {
			isa = PBXResourcesBuildPhase;
			buildActionMask = 2147483647;
			files = (
				8A7B0F6E23AA21F400DC1645 /* hsk3.json in Resources */,
				8AD5260123A634CD00274135 /* Preview Assets.xcassets in Resources */,
				8A7B0F6B23AA1FFC00DC1645 /* hsk2.json in Resources */,
				8AD5261123A6354300274135 /* hsk1.json in Resources */,
				8AD525FE23A634CD00274135 /* Assets.xcassets in Resources */,
			);
			runOnlyForDeploymentPostprocessing = 0;
		};
/* End PBXResourcesBuildPhase section */

/* Begin PBXSourcesBuildPhase section */
		8AD525C123A6253600274135 /* Sources */ = {
			isa = PBXSourcesBuildPhase;
			buildActionMask = 2147483647;
			files = (
				8AD525C923A6253600274135 /* AppDelegate.swift in Sources */,
				8A64F9DC23AB6E9A0080F7B8 /* MainView.swift in Sources */,
				8A7B0F6723AA0B9200DC1645 /* ListsTab.swift in Sources */,
				8AD525CB23A6253600274135 /* SceneDelegate.swift in Sources */,
				8AD525CD23A6253600274135 /* VocabList.swift in Sources */,
				8AD525DD23A6270F00274135 /* Data.swift in Sources */,
				8AD525E123A62FA600274135 /* VocabRow.swift in Sources */,
				8A64F9D723AB667D0080F7B8 /* StudyTab.swift in Sources */,
			);
			runOnlyForDeploymentPostprocessing = 0;
		};
		8AD525EC23A634CC00274135 /* Sources */ = {
			isa = PBXSourcesBuildPhase;
			buildActionMask = 2147483647;
			files = (
				8AD525F823A634CC00274135 /* ListsHostingController.swift in Sources */,
				8A64F9D823AB667D0080F7B8 /* StudyTab.swift in Sources */,
				8A64F9DA23AB67BB0080F7B8 /* StudyHostingController.swift in Sources */,
				8AD5261023A6354300274135 /* VocabRow.swift in Sources */,
				8AD5260E23A6354300274135 /* Data.swift in Sources */,
				8AD525FC23A634CC00274135 /* ComplicationController.swift in Sources */,
				8AD525F623A634CC00274135 /* VocabListWatch.swift in Sources */,
				8AD525FA23A634CC00274135 /* ExtensionDelegate.swift in Sources */,
				8A7B0F6823AA0B9200DC1645 /* ListsTab.swift in Sources */,
			);
			runOnlyForDeploymentPostprocessing = 0;
		};
/* End PBXSourcesBuildPhase section */

/* Begin PBXTargetDependency section */
		8AD525F323A634CC00274135 /* PBXTargetDependency */ = {
			isa = PBXTargetDependency;
			target = 8AD525EF23A634CC00274135 /* WatchLanternhsk Extension */;
			targetProxy = 8AD525F223A634CC00274135 /* PBXContainerItemProxy */;
		};
		8AD5260423A634CD00274135 /* PBXTargetDependency */ = {
			isa = PBXTargetDependency;
			target = 8AD525E323A634CA00274135 /* WatchLanternhsk */;
			targetProxy = 8AD5260323A634CD00274135 /* PBXContainerItemProxy */;
		};
/* End PBXTargetDependency section */

/* Begin PBXVariantGroup section */
		8AD525D323A6253800274135 /* LaunchScreen.storyboard */ = {
			isa = PBXVariantGroup;
			children = (
				8AD525D423A6253800274135 /* Base */,
			);
			name = LaunchScreen.storyboard;
			sourceTree = "<group>";
		};
		8AD525E623A634CA00274135 /* Interface.storyboard */ = {
			isa = PBXVariantGroup;
			children = (
				8AD525E723A634CA00274135 /* Base */,
			);
			name = Interface.storyboard;
			sourceTree = "<group>";
		};
/* End PBXVariantGroup section */

/* Begin XCBuildConfiguration section */
		8AD525D723A6253800274135 /* Debug */ = {
			isa = XCBuildConfiguration;
			buildSettings = {
				ALWAYS_SEARCH_USER_PATHS = NO;
				CLANG_ANALYZER_NONNULL = YES;
				CLANG_ANALYZER_NUMBER_OBJECT_CONVERSION = YES_AGGRESSIVE;
				CLANG_CXX_LANGUAGE_STANDARD = "gnu++14";
				CLANG_CXX_LIBRARY = "libc++";
				CLANG_ENABLE_MODULES = YES;
				CLANG_ENABLE_OBJC_ARC = YES;
				CLANG_ENABLE_OBJC_WEAK = YES;
				CLANG_WARN_BLOCK_CAPTURE_AUTORELEASING = YES;
				CLANG_WARN_BOOL_CONVERSION = YES;
				CLANG_WARN_COMMA = YES;
				CLANG_WARN_CONSTANT_CONVERSION = YES;
				CLANG_WARN_DEPRECATED_OBJC_IMPLEMENTATIONS = YES;
				CLANG_WARN_DIRECT_OBJC_ISA_USAGE = YES_ERROR;
				CLANG_WARN_DOCUMENTATION_COMMENTS = YES;
				CLANG_WARN_EMPTY_BODY = YES;
				CLANG_WARN_ENUM_CONVERSION = YES;
				CLANG_WARN_INFINITE_RECURSION = YES;
				CLANG_WARN_INT_CONVERSION = YES;
				CLANG_WARN_NON_LITERAL_NULL_CONVERSION = YES;
				CLANG_WARN_OBJC_IMPLICIT_RETAIN_SELF = YES;
				CLANG_WARN_OBJC_LITERAL_CONVERSION = YES;
				CLANG_WARN_OBJC_ROOT_CLASS = YES_ERROR;
				CLANG_WARN_RANGE_LOOP_ANALYSIS = YES;
				CLANG_WARN_STRICT_PROTOTYPES = YES;
				CLANG_WARN_SUSPICIOUS_MOVE = YES;
				CLANG_WARN_UNGUARDED_AVAILABILITY = YES_AGGRESSIVE;
				CLANG_WARN_UNREACHABLE_CODE = YES;
				CLANG_WARN__DUPLICATE_METHOD_MATCH = YES;
				COPY_PHASE_STRIP = NO;
				DEBUG_INFORMATION_FORMAT = dwarf;
				ENABLE_STRICT_OBJC_MSGSEND = YES;
				ENABLE_TESTABILITY = YES;
				GCC_C_LANGUAGE_STANDARD = gnu11;
				GCC_DYNAMIC_NO_PIC = NO;
				GCC_NO_COMMON_BLOCKS = YES;
				GCC_OPTIMIZATION_LEVEL = 0;
				GCC_PREPROCESSOR_DEFINITIONS = (
					"DEBUG=1",
					"$(inherited)",
				);
				GCC_WARN_64_TO_32_BIT_CONVERSION = YES;
				GCC_WARN_ABOUT_RETURN_TYPE = YES_ERROR;
				GCC_WARN_UNDECLARED_SELECTOR = YES;
				GCC_WARN_UNINITIALIZED_AUTOS = YES_AGGRESSIVE;
				GCC_WARN_UNUSED_FUNCTION = YES;
				GCC_WARN_UNUSED_VARIABLE = YES;
				IPHONEOS_DEPLOYMENT_TARGET = 13.2;
				MTL_ENABLE_DEBUG_INFO = INCLUDE_SOURCE;
				MTL_FAST_MATH = YES;
				ONLY_ACTIVE_ARCH = YES;
				SDKROOT = iphoneos;
				SWIFT_ACTIVE_COMPILATION_CONDITIONS = DEBUG;
				SWIFT_OPTIMIZATION_LEVEL = "-Onone";
			};
			name = Debug;
		};
		8AD525D823A6253800274135 /* Release */ = {
			isa = XCBuildConfiguration;
			buildSettings = {
				ALWAYS_SEARCH_USER_PATHS = NO;
				CLANG_ANALYZER_NONNULL = YES;
				CLANG_ANALYZER_NUMBER_OBJECT_CONVERSION = YES_AGGRESSIVE;
				CLANG_CXX_LANGUAGE_STANDARD = "gnu++14";
				CLANG_CXX_LIBRARY = "libc++";
				CLANG_ENABLE_MODULES = YES;
				CLANG_ENABLE_OBJC_ARC = YES;
				CLANG_ENABLE_OBJC_WEAK = YES;
				CLANG_WARN_BLOCK_CAPTURE_AUTORELEASING = YES;
				CLANG_WARN_BOOL_CONVERSION = YES;
				CLANG_WARN_COMMA = YES;
				CLANG_WARN_CONSTANT_CONVERSION = YES;
				CLANG_WARN_DEPRECATED_OBJC_IMPLEMENTATIONS = YES;
				CLANG_WARN_DIRECT_OBJC_ISA_USAGE = YES_ERROR;
				CLANG_WARN_DOCUMENTATION_COMMENTS = YES;
				CLANG_WARN_EMPTY_BODY = YES;
				CLANG_WARN_ENUM_CONVERSION = YES;
				CLANG_WARN_INFINITE_RECURSION = YES;
				CLANG_WARN_INT_CONVERSION = YES;
				CLANG_WARN_NON_LITERAL_NULL_CONVERSION = YES;
				CLANG_WARN_OBJC_IMPLICIT_RETAIN_SELF = YES;
				CLANG_WARN_OBJC_LITERAL_CONVERSION = YES;
				CLANG_WARN_OBJC_ROOT_CLASS = YES_ERROR;
				CLANG_WARN_RANGE_LOOP_ANALYSIS = YES;
				CLANG_WARN_STRICT_PROTOTYPES = YES;
				CLANG_WARN_SUSPICIOUS_MOVE = YES;
				CLANG_WARN_UNGUARDED_AVAILABILITY = YES_AGGRESSIVE;
				CLANG_WARN_UNREACHABLE_CODE = YES;
				CLANG_WARN__DUPLICATE_METHOD_MATCH = YES;
				COPY_PHASE_STRIP = NO;
				DEBUG_INFORMATION_FORMAT = "dwarf-with-dsym";
				ENABLE_NS_ASSERTIONS = NO;
				ENABLE_STRICT_OBJC_MSGSEND = YES;
				GCC_C_LANGUAGE_STANDARD = gnu11;
				GCC_NO_COMMON_BLOCKS = YES;
				GCC_WARN_64_TO_32_BIT_CONVERSION = YES;
				GCC_WARN_ABOUT_RETURN_TYPE = YES_ERROR;
				GCC_WARN_UNDECLARED_SELECTOR = YES;
				GCC_WARN_UNINITIALIZED_AUTOS = YES_AGGRESSIVE;
				GCC_WARN_UNUSED_FUNCTION = YES;
				GCC_WARN_UNUSED_VARIABLE = YES;
				IPHONEOS_DEPLOYMENT_TARGET = 13.2;
				MTL_ENABLE_DEBUG_INFO = NO;
				MTL_FAST_MATH = YES;
				SDKROOT = iphoneos;
				SWIFT_COMPILATION_MODE = wholemodule;
				SWIFT_OPTIMIZATION_LEVEL = "-O";
				VALIDATE_PRODUCT = YES;
			};
			name = Release;
		};
		8AD525DA23A6253800274135 /* Debug */ = {
			isa = XCBuildConfiguration;
			buildSettings = {
				ASSETCATALOG_COMPILER_APPICON_NAME = AppIcon;
				CODE_SIGN_STYLE = Automatic;
				DEVELOPMENT_ASSET_PATHS = "\"lanternhsk/Preview Content\"";
				DEVELOPMENT_TEAM = 3NQ697ND22;
				ENABLE_PREVIEWS = YES;
				INFOPLIST_FILE = lanternhsk/Info.plist;
				LD_RUNPATH_SEARCH_PATHS = (
					"$(inherited)",
					"@executable_path/Frameworks",
				);
				PRODUCT_BUNDLE_IDENTIFIER = com.rlc.lanternhsk;
				PRODUCT_NAME = "$(TARGET_NAME)";
				SWIFT_VERSION = 5.0;
				TARGETED_DEVICE_FAMILY = "1,2";
			};
			name = Debug;
		};
		8AD525DB23A6253800274135 /* Release */ = {
			isa = XCBuildConfiguration;
			buildSettings = {
				ASSETCATALOG_COMPILER_APPICON_NAME = AppIcon;
				CODE_SIGN_STYLE = Automatic;
				DEVELOPMENT_ASSET_PATHS = "\"lanternhsk/Preview Content\"";
				DEVELOPMENT_TEAM = 3NQ697ND22;
				ENABLE_PREVIEWS = YES;
				INFOPLIST_FILE = lanternhsk/Info.plist;
				LD_RUNPATH_SEARCH_PATHS = (
					"$(inherited)",
					"@executable_path/Frameworks",
				);
				PRODUCT_BUNDLE_IDENTIFIER = com.rlc.lanternhsk;
				PRODUCT_NAME = "$(TARGET_NAME)";
				SWIFT_VERSION = 5.0;
				TARGETED_DEVICE_FAMILY = "1,2";
			};
			name = Release;
		};
		8AD5260723A634CD00274135 /* Debug */ = {
			isa = XCBuildConfiguration;
			buildSettings = {
				ASSETCATALOG_COMPILER_COMPLICATION_NAME = Complication;
				CODE_SIGN_STYLE = Automatic;
				DEVELOPMENT_ASSET_PATHS = "\"WatchLanternhsk Extension/Preview Content\"";
				DEVELOPMENT_TEAM = 3NQ697ND22;
				ENABLE_PREVIEWS = YES;
				INFOPLIST_FILE = "WatchLanternhsk Extension/Info.plist";
				LD_RUNPATH_SEARCH_PATHS = (
					"$(inherited)",
					"@executable_path/Frameworks",
					"@executable_path/../../Frameworks",
				);
				PRODUCT_BUNDLE_IDENTIFIER = com.rlc.lanternhsk.watchkitapp.watchkitextension;
				PRODUCT_NAME = "${TARGET_NAME}";
				SDKROOT = watchos;
				SKIP_INSTALL = YES;
				SWIFT_VERSION = 5.0;
				TARGETED_DEVICE_FAMILY = 4;
				WATCHOS_DEPLOYMENT_TARGET = 6.1;
			};
			name = Debug;
		};
		8AD5260823A634CD00274135 /* Release */ = {
			isa = XCBuildConfiguration;
			buildSettings = {
				ASSETCATALOG_COMPILER_COMPLICATION_NAME = Complication;
				CODE_SIGN_STYLE = Automatic;
				DEVELOPMENT_ASSET_PATHS = "\"WatchLanternhsk Extension/Preview Content\"";
				DEVELOPMENT_TEAM = 3NQ697ND22;
				ENABLE_PREVIEWS = YES;
				INFOPLIST_FILE = "WatchLanternhsk Extension/Info.plist";
				LD_RUNPATH_SEARCH_PATHS = (
					"$(inherited)",
					"@executable_path/Frameworks",
					"@executable_path/../../Frameworks",
				);
				PRODUCT_BUNDLE_IDENTIFIER = com.rlc.lanternhsk.watchkitapp.watchkitextension;
				PRODUCT_NAME = "${TARGET_NAME}";
				SDKROOT = watchos;
				SKIP_INSTALL = YES;
				SWIFT_VERSION = 5.0;
				TARGETED_DEVICE_FAMILY = 4;
				WATCHOS_DEPLOYMENT_TARGET = 6.1;
			};
			name = Release;
		};
		8AD5260B23A634CD00274135 /* Debug */ = {
			isa = XCBuildConfiguration;
			buildSettings = {
				ALWAYS_EMBED_SWIFT_STANDARD_LIBRARIES = YES;
				ASSETCATALOG_COMPILER_APPICON_NAME = AppIcon;
				CODE_SIGN_STYLE = Automatic;
				DEVELOPMENT_TEAM = 3NQ697ND22;
				IBSC_MODULE = WatchLanternhsk_Extension;
				INFOPLIST_FILE = WatchLanternhsk/Info.plist;
				PRODUCT_BUNDLE_IDENTIFIER = com.rlc.lanternhsk.watchkitapp;
				PRODUCT_NAME = "$(TARGET_NAME)";
				SDKROOT = watchos;
				SKIP_INSTALL = YES;
				SWIFT_VERSION = 5.0;
				TARGETED_DEVICE_FAMILY = 4;
				WATCHOS_DEPLOYMENT_TARGET = 6.1;
			};
			name = Debug;
		};
		8AD5260C23A634CD00274135 /* Release */ = {
			isa = XCBuildConfiguration;
			buildSettings = {
				ALWAYS_EMBED_SWIFT_STANDARD_LIBRARIES = YES;
				ASSETCATALOG_COMPILER_APPICON_NAME = AppIcon;
				CODE_SIGN_STYLE = Automatic;
				DEVELOPMENT_TEAM = 3NQ697ND22;
				IBSC_MODULE = WatchLanternhsk_Extension;
				INFOPLIST_FILE = WatchLanternhsk/Info.plist;
				PRODUCT_BUNDLE_IDENTIFIER = com.rlc.lanternhsk.watchkitapp;
				PRODUCT_NAME = "$(TARGET_NAME)";
				SDKROOT = watchos;
				SKIP_INSTALL = YES;
				SWIFT_VERSION = 5.0;
				TARGETED_DEVICE_FAMILY = 4;
				WATCHOS_DEPLOYMENT_TARGET = 6.1;
			};
			name = Release;
		};
/* End XCBuildConfiguration section */

/* Begin XCConfigurationList section */
		8AD525C023A6253600274135 /* Build configuration list for PBXProject "lanternhsk" */ = {
			isa = XCConfigurationList;
			buildConfigurations = (
				8AD525D723A6253800274135 /* Debug */,
				8AD525D823A6253800274135 /* Release */,
			);
			defaultConfigurationIsVisible = 0;
			defaultConfigurationName = Release;
		};
		8AD525D923A6253800274135 /* Build configuration list for PBXNativeTarget "lanternhsk" */ = {
			isa = XCConfigurationList;
			buildConfigurations = (
				8AD525DA23A6253800274135 /* Debug */,
				8AD525DB23A6253800274135 /* Release */,
			);
			defaultConfigurationIsVisible = 0;
			defaultConfigurationName = Release;
		};
		8AD5260623A634CD00274135 /* Build configuration list for PBXNativeTarget "WatchLanternhsk Extension" */ = {
			isa = XCConfigurationList;
			buildConfigurations = (
				8AD5260723A634CD00274135 /* Debug */,
				8AD5260823A634CD00274135 /* Release */,
			);
			defaultConfigurationIsVisible = 0;
			defaultConfigurationName = Release;
		};
		8AD5260A23A634CD00274135 /* Build configuration list for PBXNativeTarget "WatchLanternhsk" */ = {
			isa = XCConfigurationList;
			buildConfigurations = (
				8AD5260B23A634CD00274135 /* Debug */,
				8AD5260C23A634CD00274135 /* Release */,
			);
			defaultConfigurationIsVisible = 0;
			defaultConfigurationName = Release;
		};
/* End XCConfigurationList section */
	};
	rootObject = 8AD525BD23A6253600274135 /* Project object */;
}
