// !$*UTF8*$!
{
	archiveVersion = 1;
	classes = {
	};
	objectVersion = 50;
	objects = {

/* Begin PBXBuildFile section */
		8A2C33412436D81E00A76539 /* ToneGestureRecognizer.swift in Sources */ = {isa = PBXBuildFile; fileRef = 8A2C33402436D81E00A76539 /* ToneGestureRecognizer.swift */; };
		8A2C334324371DE800A76539 /* ToneGestureTracker.swift in Sources */ = {isa = PBXBuildFile; fileRef = 8A2C334224371DE800A76539 /* ToneGestureTracker.swift */; };
		8A2C334424371DE800A76539 /* ToneGestureTracker.swift in Sources */ = {isa = PBXBuildFile; fileRef = 8A2C334224371DE800A76539 /* ToneGestureTracker.swift */; };
		8A2C334524372D0600A76539 /* StudyToneModel.swift in Sources */ = {isa = PBXBuildFile; fileRef = 8AAEA8BF2435C981004E1E16 /* StudyToneModel.swift */; };
		8A5E5CEB242C8A6900691726 /* CardView.swift in Sources */ = {isa = PBXBuildFile; fileRef = 8AD525CC23A6253600274135 /* CardView.swift */; };
		8A5E5CED242C8F4700691726 /* CloudCardView.swift in Sources */ = {isa = PBXBuildFile; fileRef = 8A5E5CEC242C8F4700691726 /* CloudCardView.swift */; };
		8A5E5CEE242C8F4700691726 /* CloudCardView.swift in Sources */ = {isa = PBXBuildFile; fileRef = 8A5E5CEC242C8F4700691726 /* CloudCardView.swift */; };
		8A5E5CF0242C933D00691726 /* AddCard.swift in Sources */ = {isa = PBXBuildFile; fileRef = 8A5E5CEF242C933D00691726 /* AddCard.swift */; };
		8A61F0742408BFAB00B434A0 /* Extensions.swift in Sources */ = {isa = PBXBuildFile; fileRef = 8A61F0732408BFAB00B434A0 /* Extensions.swift */; };
		8A61F0752408BFAB00B434A0 /* Extensions.swift in Sources */ = {isa = PBXBuildFile; fileRef = 8A61F0732408BFAB00B434A0 /* Extensions.swift */; };
		8A62CD3523FE2D8E00929454 /* CardDetails.swift in Sources */ = {isa = PBXBuildFile; fileRef = 8A62CD3423FE2D8E00929454 /* CardDetails.swift */; };
		8A62CD3623FE2D8E00929454 /* CardDetails.swift in Sources */ = {isa = PBXBuildFile; fileRef = 8A62CD3423FE2D8E00929454 /* CardDetails.swift */; };
		8A638F8023B35DA300D4DD7F /* StudyManager.swift in Sources */ = {isa = PBXBuildFile; fileRef = 8A638F7F23B35DA300D4DD7F /* StudyManager.swift */; };
		8A638F8123B35DA300D4DD7F /* StudyManager.swift in Sources */ = {isa = PBXBuildFile; fileRef = 8A638F7F23B35DA300D4DD7F /* StudyManager.swift */; };
		8A64F9D723AB667D0080F7B8 /* StudyView.swift in Sources */ = {isa = PBXBuildFile; fileRef = 8A64F9D623AB667D0080F7B8 /* StudyView.swift */; };
		8A64F9D823AB667D0080F7B8 /* StudyView.swift in Sources */ = {isa = PBXBuildFile; fileRef = 8A64F9D623AB667D0080F7B8 /* StudyView.swift */; };
		8A64F9DA23AB67BB0080F7B8 /* StudyHostingController.swift in Sources */ = {isa = PBXBuildFile; fileRef = 8A64F9D923AB67BB0080F7B8 /* StudyHostingController.swift */; };
		8A64F9DC23AB6E9A0080F7B8 /* MainView.swift in Sources */ = {isa = PBXBuildFile; fileRef = 8A64F9DB23AB6E9A0080F7B8 /* MainView.swift */; };
		8A68444E243ECB010032C963 /* SettingsView.swift in Sources */ = {isa = PBXBuildFile; fileRef = 8A68444D243ECB010032C963 /* SettingsView.swift */; };
		8A68444F243ECB010032C963 /* SettingsView.swift in Sources */ = {isa = PBXBuildFile; fileRef = 8A68444D243ECB010032C963 /* SettingsView.swift */; };
		8A684451243ED4D40032C963 /* SettingsHostingController.swift in Sources */ = {isa = PBXBuildFile; fileRef = 8A684450243ED4D40032C963 /* SettingsHostingController.swift */; };
		8A684453243F1FA70032C963 /* SettingsModel.swift in Sources */ = {isa = PBXBuildFile; fileRef = 8A684452243F1FA70032C963 /* SettingsModel.swift */; };
		8A684454243F1FA70032C963 /* SettingsModel.swift in Sources */ = {isa = PBXBuildFile; fileRef = 8A684452243F1FA70032C963 /* SettingsModel.swift */; };
		8A6897D02428BC72004A0298 /* CloudKit.framework in Frameworks */ = {isa = PBXBuildFile; fileRef = 8A6897CF2428BC72004A0298 /* CloudKit.framework */; };
		8A6897D32428BD07004A0298 /* CloudKit.framework in Frameworks */ = {isa = PBXBuildFile; fileRef = 8A6897D22428BD07004A0298 /* CloudKit.framework */; };
		8A6897D92428C261004A0298 /* CoreDataStack.swift in Sources */ = {isa = PBXBuildFile; fileRef = 8A6897D82428C261004A0298 /* CoreDataStack.swift */; };
		8A6897DA2428C261004A0298 /* CoreDataStack.swift in Sources */ = {isa = PBXBuildFile; fileRef = 8A6897D82428C261004A0298 /* CoreDataStack.swift */; };
		8A6897DE2428C28B004A0298 /* coredata_populate.sqlite-wal in Resources */ = {isa = PBXBuildFile; fileRef = 8A6897DB2428C28B004A0298 /* coredata_populate.sqlite-wal */; };
		8A6897DF2428C28B004A0298 /* coredata_populate.sqlite-wal in Resources */ = {isa = PBXBuildFile; fileRef = 8A6897DB2428C28B004A0298 /* coredata_populate.sqlite-wal */; };
		8A6897E02428C28B004A0298 /* coredata_populate.sqlite in Resources */ = {isa = PBXBuildFile; fileRef = 8A6897DC2428C28B004A0298 /* coredata_populate.sqlite */; };
		8A6897E12428C28B004A0298 /* coredata_populate.sqlite in Resources */ = {isa = PBXBuildFile; fileRef = 8A6897DC2428C28B004A0298 /* coredata_populate.sqlite */; };
		8A6897E22428C28B004A0298 /* coredata_populate.sqlite-shm in Resources */ = {isa = PBXBuildFile; fileRef = 8A6897DD2428C28B004A0298 /* coredata_populate.sqlite-shm */; };
		8A6897E32428C28B004A0298 /* coredata_populate.sqlite-shm in Resources */ = {isa = PBXBuildFile; fileRef = 8A6897DD2428C28B004A0298 /* coredata_populate.sqlite-shm */; };
		8A7B0F6723AA0B9200DC1645 /* ListView.swift in Sources */ = {isa = PBXBuildFile; fileRef = 8A7B0F6623AA0B9200DC1645 /* ListView.swift */; };
		8A7B0F6823AA0B9200DC1645 /* ListView.swift in Sources */ = {isa = PBXBuildFile; fileRef = 8A7B0F6623AA0B9200DC1645 /* ListView.swift */; };
		8A9B7CFC23FBF7E100BA086B /* StudyVocabModel.swift in Sources */ = {isa = PBXBuildFile; fileRef = 8A9B7CFB23FBF7E100BA086B /* StudyVocabModel.swift */; };
		8A9B7CFD23FBF7E100BA086B /* StudyVocabModel.swift in Sources */ = {isa = PBXBuildFile; fileRef = 8A9B7CFB23FBF7E100BA086B /* StudyVocabModel.swift */; };
		8AA4D9B423FBD77B00FF13C0 /* StudyVocab.swift in Sources */ = {isa = PBXBuildFile; fileRef = 8AA4D9B323FBD77B00FF13C0 /* StudyVocab.swift */; };
		8AA4D9B523FBD77B00FF13C0 /* StudyVocab.swift in Sources */ = {isa = PBXBuildFile; fileRef = 8AA4D9B323FBD77B00FF13C0 /* StudyVocab.swift */; };
		8AAEA8C02435C981004E1E16 /* StudyToneModel.swift in Sources */ = {isa = PBXBuildFile; fileRef = 8AAEA8BF2435C981004E1E16 /* StudyToneModel.swift */; };
		8ACBB0C1244D99AC00641B45 /* Flashcards Extension.appex in Embed App Extensions */ = {isa = PBXBuildFile; fileRef = 8AD525F023A634CC00274135 /* Flashcards Extension.appex */; settings = {ATTRIBUTES = (RemoveHeadersOnCopy, ); }; };
		8AD525C923A6253600274135 /* AppDelegate.swift in Sources */ = {isa = PBXBuildFile; fileRef = 8AD525C823A6253600274135 /* AppDelegate.swift */; };
		8AD525CB23A6253600274135 /* SceneDelegate.swift in Sources */ = {isa = PBXBuildFile; fileRef = 8AD525CA23A6253600274135 /* SceneDelegate.swift */; };
		8AD525CD23A6253600274135 /* CardView.swift in Sources */ = {isa = PBXBuildFile; fileRef = 8AD525CC23A6253600274135 /* CardView.swift */; };
		8AD525CF23A6253800274135 /* Assets.xcassets in Resources */ = {isa = PBXBuildFile; fileRef = 8AD525CE23A6253800274135 /* Assets.xcassets */; };
		8AD525D223A6253800274135 /* Preview Assets.xcassets in Resources */ = {isa = PBXBuildFile; fileRef = 8AD525D123A6253800274135 /* Preview Assets.xcassets */; };
		8AD525D523A6253800274135 /* LaunchScreen.storyboard in Resources */ = {isa = PBXBuildFile; fileRef = 8AD525D323A6253800274135 /* LaunchScreen.storyboard */; };
		8AD525DD23A6270F00274135 /* VocabManager.swift in Sources */ = {isa = PBXBuildFile; fileRef = 8AD525DC23A6270F00274135 /* VocabManager.swift */; };
		8AD525E123A62FA600274135 /* CardRow.swift in Sources */ = {isa = PBXBuildFile; fileRef = 8AD525E023A62FA600274135 /* CardRow.swift */; };
		8AD525E823A634CA00274135 /* Interface.storyboard in Resources */ = {isa = PBXBuildFile; fileRef = 8AD525E623A634CA00274135 /* Interface.storyboard */; };
		8AD525EA23A634CC00274135 /* Assets.xcassets in Resources */ = {isa = PBXBuildFile; fileRef = 8AD525E923A634CC00274135 /* Assets.xcassets */; };
		8AD525F823A634CC00274135 /* ListsHostingController.swift in Sources */ = {isa = PBXBuildFile; fileRef = 8AD525F723A634CC00274135 /* ListsHostingController.swift */; };
		8AD525FA23A634CC00274135 /* ExtensionDelegate.swift in Sources */ = {isa = PBXBuildFile; fileRef = 8AD525F923A634CC00274135 /* ExtensionDelegate.swift */; };
		8AD525FC23A634CC00274135 /* ComplicationController.swift in Sources */ = {isa = PBXBuildFile; fileRef = 8AD525FB23A634CC00274135 /* ComplicationController.swift */; };
		8AD525FE23A634CD00274135 /* Assets.xcassets in Resources */ = {isa = PBXBuildFile; fileRef = 8AD525FD23A634CC00274135 /* Assets.xcassets */; };
		8AD5260123A634CD00274135 /* Preview Assets.xcassets in Resources */ = {isa = PBXBuildFile; fileRef = 8AD5260023A634CD00274135 /* Preview Assets.xcassets */; };
		8AD5260523A634CD00274135 /* Flashcards.app in Embed Watch Content */ = {isa = PBXBuildFile; fileRef = 8AD525E423A634CA00274135 /* Flashcards.app */; settings = {ATTRIBUTES = (RemoveHeadersOnCopy, ); }; };
		8AD5260E23A6354300274135 /* VocabManager.swift in Sources */ = {isa = PBXBuildFile; fileRef = 8AD525DC23A6270F00274135 /* VocabManager.swift */; };
		8AD5261023A6354300274135 /* CardRow.swift in Sources */ = {isa = PBXBuildFile; fileRef = 8AD525E023A62FA600274135 /* CardRow.swift */; };
		8AE43360240509AC00E5C977 /* StudyTone.swift in Sources */ = {isa = PBXBuildFile; fileRef = 8AE4335F240509AC00E5C977 /* StudyTone.swift */; };
		8AE43365240513D400E5C977 /* StudyToneInterfaceController.swift in Sources */ = {isa = PBXBuildFile; fileRef = 8AE43364240513D400E5C977 /* StudyToneInterfaceController.swift */; };
		8AED1937242DD69D006A47F4 /* coredata_populate.xcdatamodeld in Sources */ = {isa = PBXBuildFile; fileRef = 8AED1935242DD69D006A47F4 /* coredata_populate.xcdatamodeld */; };
		8AED1938242DD69D006A47F4 /* coredata_populate.xcdatamodeld in Sources */ = {isa = PBXBuildFile; fileRef = 8AED1935242DD69D006A47F4 /* coredata_populate.xcdatamodeld */; };
		8AF28648242B2948007E606D /* ExtensionsUI.swift in Sources */ = {isa = PBXBuildFile; fileRef = 8AF28647242B2948007E606D /* ExtensionsUI.swift */; };
		8AF2864B242B2F2C007E606D /* CloudListView.swift in Sources */ = {isa = PBXBuildFile; fileRef = 8AF2864A242B2F2C007E606D /* CloudListView.swift */; };
		8AF2864C242B2F2C007E606D /* CloudListView.swift in Sources */ = {isa = PBXBuildFile; fileRef = 8AF2864A242B2F2C007E606D /* CloudListView.swift */; };
		8AF2864E242B6845007E606D /* CloudSectionView.swift in Sources */ = {isa = PBXBuildFile; fileRef = 8AF2864D242B6845007E606D /* CloudSectionView.swift */; };
		8AF2864F242B6845007E606D /* CloudSectionView.swift in Sources */ = {isa = PBXBuildFile; fileRef = 8AF2864D242B6845007E606D /* CloudSectionView.swift */; };
		8AFBE0BF23BB364F002E95BC /* QuestionView.swift in Sources */ = {isa = PBXBuildFile; fileRef = 8AFBE0BE23BB364F002E95BC /* QuestionView.swift */; };
		8AFBE0C023BB364F002E95BC /* QuestionView.swift in Sources */ = {isa = PBXBuildFile; fileRef = 8AFBE0BE23BB364F002E95BC /* QuestionView.swift */; };
/* End PBXBuildFile section */

/* Begin PBXContainerItemProxy section */
		8A72772823BB6A9700A70124 /* PBXContainerItemProxy */ = {
			isa = PBXContainerItemProxy;
			containerPortal = 8AD525BD23A6253600274135 /* Project object */;
			proxyType = 1;
			remoteGlobalIDString = 8AD525E323A634CA00274135;
			remoteInfo = WatchLanternhsk;
		};
		8ACBB0C2244D99AC00641B45 /* PBXContainerItemProxy */ = {
			isa = PBXContainerItemProxy;
			containerPortal = 8AD525BD23A6253600274135 /* Project object */;
			proxyType = 1;
			remoteGlobalIDString = 8AD525EF23A634CC00274135;
			remoteInfo = "WatchLanternhsk Extension";
		};
/* End PBXContainerItemProxy section */

/* Begin PBXCopyFilesBuildPhase section */
		8ACBB0C4244D99AD00641B45 /* Embed App Extensions */ = {
			isa = PBXCopyFilesBuildPhase;
			buildActionMask = 2147483647;
			dstPath = "";
			dstSubfolderSpec = 13;
			files = (
				8ACBB0C1244D99AC00641B45 /* Flashcards Extension.appex in Embed App Extensions */,
			);
			name = "Embed App Extensions";
			runOnlyForDeploymentPostprocessing = 0;
		};
		8AD5260D23A634CD00274135 /* Embed Watch Content */ = {
			isa = PBXCopyFilesBuildPhase;
			buildActionMask = 2147483647;
			dstPath = "$(CONTENTS_FOLDER_PATH)/Watch";
			dstSubfolderSpec = 16;
			files = (
				8AD5260523A634CD00274135 /* Flashcards.app in Embed Watch Content */,
			);
			name = "Embed Watch Content";
			runOnlyForDeploymentPostprocessing = 0;
		};
/* End PBXCopyFilesBuildPhase section */

/* Begin PBXFileReference section */
		8A2C33402436D81E00A76539 /* ToneGestureRecognizer.swift */ = {isa = PBXFileReference; lastKnownFileType = sourcecode.swift; path = ToneGestureRecognizer.swift; sourceTree = "<group>"; };
		8A2C334224371DE800A76539 /* ToneGestureTracker.swift */ = {isa = PBXFileReference; lastKnownFileType = sourcecode.swift; path = ToneGestureTracker.swift; sourceTree = "<group>"; };
		8A5E5CEC242C8F4700691726 /* CloudCardView.swift */ = {isa = PBXFileReference; lastKnownFileType = sourcecode.swift; path = CloudCardView.swift; sourceTree = "<group>"; };
		8A5E5CEF242C933D00691726 /* AddCard.swift */ = {isa = PBXFileReference; fileEncoding = 4; lastKnownFileType = sourcecode.swift; path = AddCard.swift; sourceTree = "<group>"; };
		8A61F0732408BFAB00B434A0 /* Extensions.swift */ = {isa = PBXFileReference; lastKnownFileType = sourcecode.swift; path = Extensions.swift; sourceTree = "<group>"; };
		8A62CD3423FE2D8E00929454 /* CardDetails.swift */ = {isa = PBXFileReference; lastKnownFileType = sourcecode.swift; path = CardDetails.swift; sourceTree = "<group>"; };
		8A638F7F23B35DA300D4DD7F /* StudyManager.swift */ = {isa = PBXFileReference; lastKnownFileType = sourcecode.swift; path = StudyManager.swift; sourceTree = "<group>"; };
		8A64F9D623AB667D0080F7B8 /* StudyView.swift */ = {isa = PBXFileReference; lastKnownFileType = sourcecode.swift; path = StudyView.swift; sourceTree = "<group>"; };
		8A64F9D923AB67BB0080F7B8 /* StudyHostingController.swift */ = {isa = PBXFileReference; lastKnownFileType = sourcecode.swift; path = StudyHostingController.swift; sourceTree = "<group>"; };
		8A64F9DB23AB6E9A0080F7B8 /* MainView.swift */ = {isa = PBXFileReference; lastKnownFileType = sourcecode.swift; path = MainView.swift; sourceTree = "<group>"; };
		8A68444D243ECB010032C963 /* SettingsView.swift */ = {isa = PBXFileReference; lastKnownFileType = sourcecode.swift; path = SettingsView.swift; sourceTree = "<group>"; };
		8A684450243ED4D40032C963 /* SettingsHostingController.swift */ = {isa = PBXFileReference; lastKnownFileType = sourcecode.swift; path = SettingsHostingController.swift; sourceTree = "<group>"; };
		8A684452243F1FA70032C963 /* SettingsModel.swift */ = {isa = PBXFileReference; lastKnownFileType = sourcecode.swift; path = SettingsModel.swift; sourceTree = "<group>"; };
		8A6897CE2428BC58004A0298 /* lanternhsk.entitlements */ = {isa = PBXFileReference; lastKnownFileType = text.plist.entitlements; path = lanternhsk.entitlements; sourceTree = "<group>"; };
		8A6897CF2428BC72004A0298 /* CloudKit.framework */ = {isa = PBXFileReference; lastKnownFileType = wrapper.framework; name = CloudKit.framework; path = System/Library/Frameworks/CloudKit.framework; sourceTree = SDKROOT; };
		8A6897D12428BD04004A0298 /* WatchLanternhsk Extension.entitlements */ = {isa = PBXFileReference; lastKnownFileType = text.plist.entitlements; path = "WatchLanternhsk Extension.entitlements"; sourceTree = "<group>"; };
		8A6897D22428BD07004A0298 /* CloudKit.framework */ = {isa = PBXFileReference; lastKnownFileType = wrapper.framework; name = CloudKit.framework; path = Platforms/WatchOS.platform/Developer/SDKs/WatchOS6.1.sdk/System/Library/Frameworks/CloudKit.framework; sourceTree = DEVELOPER_DIR; };
		8A6897D82428C261004A0298 /* CoreDataStack.swift */ = {isa = PBXFileReference; fileEncoding = 4; lastKnownFileType = sourcecode.swift; path = CoreDataStack.swift; sourceTree = "<group>"; };
		8A6897DB2428C28B004A0298 /* coredata_populate.sqlite-wal */ = {isa = PBXFileReference; lastKnownFileType = file; path = "coredata_populate.sqlite-wal"; sourceTree = "<group>"; };
		8A6897DC2428C28B004A0298 /* coredata_populate.sqlite */ = {isa = PBXFileReference; lastKnownFileType = file; path = coredata_populate.sqlite; sourceTree = "<group>"; };
		8A6897DD2428C28B004A0298 /* coredata_populate.sqlite-shm */ = {isa = PBXFileReference; lastKnownFileType = file; path = "coredata_populate.sqlite-shm"; sourceTree = "<group>"; };
		8A7B0F6623AA0B9200DC1645 /* ListView.swift */ = {isa = PBXFileReference; lastKnownFileType = sourcecode.swift; path = ListView.swift; sourceTree = "<group>"; };
		8A9B7CFB23FBF7E100BA086B /* StudyVocabModel.swift */ = {isa = PBXFileReference; lastKnownFileType = sourcecode.swift; path = StudyVocabModel.swift; sourceTree = "<group>"; };
		8AA4D9B323FBD77B00FF13C0 /* StudyVocab.swift */ = {isa = PBXFileReference; lastKnownFileType = sourcecode.swift; path = StudyVocab.swift; sourceTree = "<group>"; };
		8AAEA8BF2435C981004E1E16 /* StudyToneModel.swift */ = {isa = PBXFileReference; lastKnownFileType = sourcecode.swift; path = StudyToneModel.swift; sourceTree = "<group>"; };
		8AD525C523A6253600274135 /* Flashcards.app */ = {isa = PBXFileReference; explicitFileType = wrapper.application; includeInIndex = 0; path = Flashcards.app; sourceTree = BUILT_PRODUCTS_DIR; };
		8AD525C823A6253600274135 /* AppDelegate.swift */ = {isa = PBXFileReference; lastKnownFileType = sourcecode.swift; path = AppDelegate.swift; sourceTree = "<group>"; };
		8AD525CA23A6253600274135 /* SceneDelegate.swift */ = {isa = PBXFileReference; lastKnownFileType = sourcecode.swift; path = SceneDelegate.swift; sourceTree = "<group>"; };
		8AD525CC23A6253600274135 /* CardView.swift */ = {isa = PBXFileReference; lastKnownFileType = sourcecode.swift; path = CardView.swift; sourceTree = "<group>"; };
		8AD525CE23A6253800274135 /* Assets.xcassets */ = {isa = PBXFileReference; lastKnownFileType = folder.assetcatalog; path = Assets.xcassets; sourceTree = "<group>"; };
		8AD525D123A6253800274135 /* Preview Assets.xcassets */ = {isa = PBXFileReference; lastKnownFileType = folder.assetcatalog; path = "Preview Assets.xcassets"; sourceTree = "<group>"; };
		8AD525D423A6253800274135 /* Base */ = {isa = PBXFileReference; lastKnownFileType = file.storyboard; name = Base; path = Base.lproj/LaunchScreen.storyboard; sourceTree = "<group>"; };
		8AD525D623A6253800274135 /* Info.plist */ = {isa = PBXFileReference; lastKnownFileType = text.plist.xml; path = Info.plist; sourceTree = "<group>"; };
		8AD525DC23A6270F00274135 /* VocabManager.swift */ = {isa = PBXFileReference; lastKnownFileType = sourcecode.swift; path = VocabManager.swift; sourceTree = "<group>"; };
		8AD525E023A62FA600274135 /* CardRow.swift */ = {isa = PBXFileReference; lastKnownFileType = sourcecode.swift; path = CardRow.swift; sourceTree = "<group>"; };
		8AD525E423A634CA00274135 /* Flashcards.app */ = {isa = PBXFileReference; explicitFileType = wrapper.application; includeInIndex = 0; path = Flashcards.app; sourceTree = BUILT_PRODUCTS_DIR; };
		8AD525E723A634CA00274135 /* Base */ = {isa = PBXFileReference; lastKnownFileType = file.storyboard; name = Base; path = Base.lproj/Interface.storyboard; sourceTree = "<group>"; };
		8AD525E923A634CC00274135 /* Assets.xcassets */ = {isa = PBXFileReference; lastKnownFileType = folder.assetcatalog; path = Assets.xcassets; sourceTree = "<group>"; };
		8AD525EB23A634CC00274135 /* Info.plist */ = {isa = PBXFileReference; lastKnownFileType = text.plist.xml; path = Info.plist; sourceTree = "<group>"; };
		8AD525F023A634CC00274135 /* Flashcards Extension.appex */ = {isa = PBXFileReference; explicitFileType = "wrapper.app-extension"; includeInIndex = 0; path = "Flashcards Extension.appex"; sourceTree = BUILT_PRODUCTS_DIR; };
		8AD525F723A634CC00274135 /* ListsHostingController.swift */ = {isa = PBXFileReference; lastKnownFileType = sourcecode.swift; path = ListsHostingController.swift; sourceTree = "<group>"; };
		8AD525F923A634CC00274135 /* ExtensionDelegate.swift */ = {isa = PBXFileReference; lastKnownFileType = sourcecode.swift; path = ExtensionDelegate.swift; sourceTree = "<group>"; };
		8AD525FB23A634CC00274135 /* ComplicationController.swift */ = {isa = PBXFileReference; lastKnownFileType = sourcecode.swift; path = ComplicationController.swift; sourceTree = "<group>"; };
		8AD525FD23A634CC00274135 /* Assets.xcassets */ = {isa = PBXFileReference; lastKnownFileType = folder.assetcatalog; path = Assets.xcassets; sourceTree = "<group>"; };
		8AD5260023A634CD00274135 /* Preview Assets.xcassets */ = {isa = PBXFileReference; lastKnownFileType = folder.assetcatalog; path = "Preview Assets.xcassets"; sourceTree = "<group>"; };
		8AD5260223A634CD00274135 /* Info.plist */ = {isa = PBXFileReference; lastKnownFileType = text.plist.xml; path = Info.plist; sourceTree = "<group>"; };
		8AE4335F240509AC00E5C977 /* StudyTone.swift */ = {isa = PBXFileReference; lastKnownFileType = sourcecode.swift; path = StudyTone.swift; sourceTree = "<group>"; };
		8AE43364240513D400E5C977 /* StudyToneInterfaceController.swift */ = {isa = PBXFileReference; lastKnownFileType = sourcecode.swift; path = StudyToneInterfaceController.swift; sourceTree = "<group>"; };
		8AED1936242DD69D006A47F4 /* coredata_populate.xcdatamodel */ = {isa = PBXFileReference; lastKnownFileType = wrapper.xcdatamodel; path = coredata_populate.xcdatamodel; sourceTree = "<group>"; };
		8AF28647242B2948007E606D /* ExtensionsUI.swift */ = {isa = PBXFileReference; lastKnownFileType = sourcecode.swift; path = ExtensionsUI.swift; sourceTree = "<group>"; };
		8AF2864A242B2F2C007E606D /* CloudListView.swift */ = {isa = PBXFileReference; lastKnownFileType = sourcecode.swift; path = CloudListView.swift; sourceTree = "<group>"; };
		8AF2864D242B6845007E606D /* CloudSectionView.swift */ = {isa = PBXFileReference; lastKnownFileType = sourcecode.swift; path = CloudSectionView.swift; sourceTree = "<group>"; };
		8AFBE0BE23BB364F002E95BC /* QuestionView.swift */ = {isa = PBXFileReference; lastKnownFileType = sourcecode.swift; path = QuestionView.swift; sourceTree = "<group>"; };
/* End PBXFileReference section */

/* Begin PBXFrameworksBuildPhase section */
		8AD525C223A6253600274135 /* Frameworks */ = {
			isa = PBXFrameworksBuildPhase;
			buildActionMask = 2147483647;
			files = (
				8A6897D02428BC72004A0298 /* CloudKit.framework in Frameworks */,
			);
			runOnlyForDeploymentPostprocessing = 0;
		};
		8AD525ED23A634CC00274135 /* Frameworks */ = {
			isa = PBXFrameworksBuildPhase;
			buildActionMask = 2147483647;
			files = (
				8A6897D32428BD07004A0298 /* CloudKit.framework in Frameworks */,
			);
			runOnlyForDeploymentPostprocessing = 0;
		};
/* End PBXFrameworksBuildPhase section */

/* Begin PBXGroup section */
		8A72772723BB6A9700A70124 /* Frameworks */ = {
			isa = PBXGroup;
			children = (
				8A6897D22428BD07004A0298 /* CloudKit.framework */,
				8A6897CF2428BC72004A0298 /* CloudKit.framework */,
			);
			name = Frameworks;
			sourceTree = "<group>";
		};
		8AD525BC23A6253600274135 = {
			isa = PBXGroup;
			children = (
				8AD525C723A6253600274135 /* lanternhsk */,
				8AD525E523A634CA00274135 /* WatchLanternhsk */,
				8AD525F423A634CC00274135 /* WatchLanternhsk Extension */,
				8AD525C623A6253600274135 /* Products */,
				8A72772723BB6A9700A70124 /* Frameworks */,
			);
			sourceTree = "<group>";
		};
		8AD525C623A6253600274135 /* Products */ = {
			isa = PBXGroup;
			children = (
				8AD525C523A6253600274135 /* Flashcards.app */,
				8AD525E423A634CA00274135 /* Flashcards.app */,
				8AD525F023A634CC00274135 /* Flashcards Extension.appex */,
			);
			name = Products;
			sourceTree = "<group>";
		};
		8AD525C723A6253600274135 /* lanternhsk */ = {
			isa = PBXGroup;
			children = (
				8AED1935242DD69D006A47F4 /* coredata_populate.xcdatamodeld */,
				8A6897D82428C261004A0298 /* CoreDataStack.swift */,
				8AD525DC23A6270F00274135 /* VocabManager.swift */,
				8A638F7F23B35DA300D4DD7F /* StudyManager.swift */,
				8AD525C823A6253600274135 /* AppDelegate.swift */,
				8AD525CA23A6253600274135 /* SceneDelegate.swift */,
				8A64F9DB23AB6E9A0080F7B8 /* MainView.swift */,
				8A7B0F6623AA0B9200DC1645 /* ListView.swift */,
				8AD525CC23A6253600274135 /* CardView.swift */,
				8AF2864A242B2F2C007E606D /* CloudListView.swift */,
				8AF2864D242B6845007E606D /* CloudSectionView.swift */,
				8A5E5CEC242C8F4700691726 /* CloudCardView.swift */,
				8A5E5CEF242C933D00691726 /* AddCard.swift */,
				8AD525E023A62FA600274135 /* CardRow.swift */,
				8A62CD3423FE2D8E00929454 /* CardDetails.swift */,
				8A64F9D623AB667D0080F7B8 /* StudyView.swift */,
				8AA4D9B323FBD77B00FF13C0 /* StudyVocab.swift */,
				8A9B7CFB23FBF7E100BA086B /* StudyVocabModel.swift */,
				8AFBE0BE23BB364F002E95BC /* QuestionView.swift */,
				8AE4335F240509AC00E5C977 /* StudyTone.swift */,
				8AAEA8BF2435C981004E1E16 /* StudyToneModel.swift */,
				8A2C33402436D81E00A76539 /* ToneGestureRecognizer.swift */,
				8A2C334224371DE800A76539 /* ToneGestureTracker.swift */,
				8A68444D243ECB010032C963 /* SettingsView.swift */,
				8A684452243F1FA70032C963 /* SettingsModel.swift */,
				8A61F0732408BFAB00B434A0 /* Extensions.swift */,
				8AF28647242B2948007E606D /* ExtensionsUI.swift */,
				8AD525CE23A6253800274135 /* Assets.xcassets */,
				8AD525D323A6253800274135 /* LaunchScreen.storyboard */,
				8A6897DC2428C28B004A0298 /* coredata_populate.sqlite */,
				8A6897DD2428C28B004A0298 /* coredata_populate.sqlite-shm */,
				8A6897DB2428C28B004A0298 /* coredata_populate.sqlite-wal */,
				8A6897CE2428BC58004A0298 /* lanternhsk.entitlements */,
				8AD525D623A6253800274135 /* Info.plist */,
				8AD525D023A6253800274135 /* Preview Content */,
			);
			path = lanternhsk;
			sourceTree = "<group>";
		};
		8AD525D023A6253800274135 /* Preview Content */ = {
			isa = PBXGroup;
			children = (
				8AD525D123A6253800274135 /* Preview Assets.xcassets */,
			);
			path = "Preview Content";
			sourceTree = "<group>";
		};
		8AD525E523A634CA00274135 /* WatchLanternhsk */ = {
			isa = PBXGroup;
			children = (
				8AD525E623A634CA00274135 /* Interface.storyboard */,
				8AD525E923A634CC00274135 /* Assets.xcassets */,
				8AD525EB23A634CC00274135 /* Info.plist */,
			);
			path = WatchLanternhsk;
			sourceTree = "<group>";
		};
		8AD525F423A634CC00274135 /* WatchLanternhsk Extension */ = {
			isa = PBXGroup;
			children = (
				8A6897D12428BD04004A0298 /* WatchLanternhsk Extension.entitlements */,
				8AD525F723A634CC00274135 /* ListsHostingController.swift */,
				8A64F9D923AB67BB0080F7B8 /* StudyHostingController.swift */,
				8AE43364240513D400E5C977 /* StudyToneInterfaceController.swift */,
				8A684450243ED4D40032C963 /* SettingsHostingController.swift */,
				8AD525F923A634CC00274135 /* ExtensionDelegate.swift */,
				8AD525FB23A634CC00274135 /* ComplicationController.swift */,
				8AD525FD23A634CC00274135 /* Assets.xcassets */,
				8AD5260223A634CD00274135 /* Info.plist */,
				8AD525FF23A634CD00274135 /* Preview Content */,
			);
			path = "WatchLanternhsk Extension";
			sourceTree = "<group>";
		};
		8AD525FF23A634CD00274135 /* Preview Content */ = {
			isa = PBXGroup;
			children = (
				8AD5260023A634CD00274135 /* Preview Assets.xcassets */,
			);
			path = "Preview Content";
			sourceTree = "<group>";
		};
/* End PBXGroup section */

/* Begin PBXNativeTarget section */
		8AD525C423A6253600274135 /* lanternhsk */ = {
			isa = PBXNativeTarget;
			buildConfigurationList = 8AD525D923A6253800274135 /* Build configuration list for PBXNativeTarget "lanternhsk" */;
			buildPhases = (
				8AD525C123A6253600274135 /* Sources */,
				8AD525C223A6253600274135 /* Frameworks */,
				8AD525C323A6253600274135 /* Resources */,
				8AD5260D23A634CD00274135 /* Embed Watch Content */,
			);
			buildRules = (
			);
			dependencies = (
				8A72772923BB6A9700A70124 /* PBXTargetDependency */,
			);
			name = lanternhsk;
			productName = lanternhsk;
			productReference = 8AD525C523A6253600274135 /* Flashcards.app */;
			productType = "com.apple.product-type.application";
		};
		8AD525E323A634CA00274135 /* WatchLanternhsk */ = {
			isa = PBXNativeTarget;
			buildConfigurationList = 8AD5260A23A634CD00274135 /* Build configuration list for PBXNativeTarget "WatchLanternhsk" */;
			buildPhases = (
				8AD525E223A634CA00274135 /* Resources */,
				8ACBB0C4244D99AD00641B45 /* Embed App Extensions */,
			);
			buildRules = (
			);
			dependencies = (
				8ACBB0C3244D99AC00641B45 /* PBXTargetDependency */,
			);
			name = WatchLanternhsk;
			productName = WatchLanternhsk;
			productReference = 8AD525E423A634CA00274135 /* Flashcards.app */;
			productType = "com.apple.product-type.application.watchapp2";
		};
		8AD525EF23A634CC00274135 /* WatchLanternhsk Extension */ = {
			isa = PBXNativeTarget;
			buildConfigurationList = 8AD5260623A634CD00274135 /* Build configuration list for PBXNativeTarget "WatchLanternhsk Extension" */;
			buildPhases = (
				8AD525EC23A634CC00274135 /* Sources */,
				8AD525ED23A634CC00274135 /* Frameworks */,
				8AD525EE23A634CC00274135 /* Resources */,
			);
			buildRules = (
			);
			dependencies = (
			);
			name = "WatchLanternhsk Extension";
			productName = "WatchLanternhsk Extension";
			productReference = 8AD525F023A634CC00274135 /* Flashcards Extension.appex */;
			productType = "com.apple.product-type.watchkit2-extension";
		};
/* End PBXNativeTarget section */

/* Begin PBXProject section */
		8AD525BD23A6253600274135 /* Project object */ = {
			isa = PBXProject;
			attributes = {
				LastSwiftUpdateCheck = 1120;
				LastUpgradeCheck = 1120;
				ORGANIZATIONNAME = "Alexey Smirnov";
				TargetAttributes = {
					8AD525C423A6253600274135 = {
						CreatedOnToolsVersion = 11.2.1;
					};
					8AD525E323A634CA00274135 = {
						CreatedOnToolsVersion = 11.2.1;
					};
					8AD525EF23A634CC00274135 = {
						CreatedOnToolsVersion = 11.2.1;
					};
				};
			};
			buildConfigurationList = 8AD525C023A6253600274135 /* Build configuration list for PBXProject "lanternhsk" */;
			compatibilityVersion = "Xcode 9.3";
			developmentRegion = en;
			hasScannedForEncodings = 0;
			knownRegions = (
				en,
				Base,
			);
			mainGroup = 8AD525BC23A6253600274135;
			productRefGroup = 8AD525C623A6253600274135 /* Products */;
			projectDirPath = "";
			projectRoot = "";
			targets = (
				8AD525C423A6253600274135 /* lanternhsk */,
				8AD525E323A634CA00274135 /* WatchLanternhsk */,
				8AD525EF23A634CC00274135 /* WatchLanternhsk Extension */,
			);
		};
/* End PBXProject section */

/* Begin PBXResourcesBuildPhase section */
		8AD525C323A6253600274135 /* Resources */ = {
			isa = PBXResourcesBuildPhase;
			buildActionMask = 2147483647;
			files = (
				8AD525D523A6253800274135 /* LaunchScreen.storyboard in Resources */,
				8A6897DE2428C28B004A0298 /* coredata_populate.sqlite-wal in Resources */,
				8A6897E02428C28B004A0298 /* coredata_populate.sqlite in Resources */,
				8A6897E22428C28B004A0298 /* coredata_populate.sqlite-shm in Resources */,
				8AD525D223A6253800274135 /* Preview Assets.xcassets in Resources */,
				8AD525CF23A6253800274135 /* Assets.xcassets in Resources */,
			);
			runOnlyForDeploymentPostprocessing = 0;
		};
		8AD525E223A634CA00274135 /* Resources */ = {
			isa = PBXResourcesBuildPhase;
			buildActionMask = 2147483647;
			files = (
				8AD525EA23A634CC00274135 /* Assets.xcassets in Resources */,
				8AD525E823A634CA00274135 /* Interface.storyboard in Resources */,
			);
			runOnlyForDeploymentPostprocessing = 0;
		};
		8AD525EE23A634CC00274135 /* Resources */ = {
			isa = PBXResourcesBuildPhase;
			buildActionMask = 2147483647;
			files = (
				8A6897DF2428C28B004A0298 /* coredata_populate.sqlite-wal in Resources */,
				8AD5260123A634CD00274135 /* Preview Assets.xcassets in Resources */,
				8A6897E32428C28B004A0298 /* coredata_populate.sqlite-shm in Resources */,
				8AD525FE23A634CD00274135 /* Assets.xcassets in Resources */,
				8A6897E12428C28B004A0298 /* coredata_populate.sqlite in Resources */,
			);
			runOnlyForDeploymentPostprocessing = 0;
		};
/* End PBXResourcesBuildPhase section */

/* Begin PBXSourcesBuildPhase section */
		8AD525C123A6253600274135 /* Sources */ = {
			isa = PBXSourcesBuildPhase;
			buildActionMask = 2147483647;
			files = (
				8AF2864B242B2F2C007E606D /* CloudListView.swift in Sources */,
				8A9B7CFC23FBF7E100BA086B /* StudyVocabModel.swift in Sources */,
				8AD525C923A6253600274135 /* AppDelegate.swift in Sources */,
				8A2C33412436D81E00A76539 /* ToneGestureRecognizer.swift in Sources */,
				8A64F9DC23AB6E9A0080F7B8 /* MainView.swift in Sources */,
				8A62CD3523FE2D8E00929454 /* CardDetails.swift in Sources */,
				8AFBE0BF23BB364F002E95BC /* QuestionView.swift in Sources */,
				8A7B0F6723AA0B9200DC1645 /* ListView.swift in Sources */,
				8AD525CB23A6253600274135 /* SceneDelegate.swift in Sources */,
				8AF2864E242B6845007E606D /* CloudSectionView.swift in Sources */,
				8AD525CD23A6253600274135 /* CardView.swift in Sources */,
				8AED1937242DD69D006A47F4 /* coredata_populate.xcdatamodeld in Sources */,
				8A638F8023B35DA300D4DD7F /* StudyManager.swift in Sources */,
				8AD525DD23A6270F00274135 /* VocabManager.swift in Sources */,
				8A5E5CED242C8F4700691726 /* CloudCardView.swift in Sources */,
				8A61F0742408BFAB00B434A0 /* Extensions.swift in Sources */,
				8AF28648242B2948007E606D /* ExtensionsUI.swift in Sources */,
				8A6897D92428C261004A0298 /* CoreDataStack.swift in Sources */,
				8A684453243F1FA70032C963 /* SettingsModel.swift in Sources */,
				8AA4D9B423FBD77B00FF13C0 /* StudyVocab.swift in Sources */,
				8A2C334324371DE800A76539 /* ToneGestureTracker.swift in Sources */,
				8A5E5CF0242C933D00691726 /* AddCard.swift in Sources */,
				8AAEA8C02435C981004E1E16 /* StudyToneModel.swift in Sources */,
				8AD525E123A62FA600274135 /* CardRow.swift in Sources */,
				8A64F9D723AB667D0080F7B8 /* StudyView.swift in Sources */,
				8AE43360240509AC00E5C977 /* StudyTone.swift in Sources */,
				8A68444E243ECB010032C963 /* SettingsView.swift in Sources */,
			);
			runOnlyForDeploymentPostprocessing = 0;
		};
		8AD525EC23A634CC00274135 /* Sources */ = {
			isa = PBXSourcesBuildPhase;
			buildActionMask = 2147483647;
			files = (
				8AD525F823A634CC00274135 /* ListsHostingController.swift in Sources */,
				8A64F9D823AB667D0080F7B8 /* StudyView.swift in Sources */,
				8AFBE0C023BB364F002E95BC /* QuestionView.swift in Sources */,
				8A6897DA2428C261004A0298 /* CoreDataStack.swift in Sources */,
				8A64F9DA23AB67BB0080F7B8 /* StudyHostingController.swift in Sources */,
				8AD5261023A6354300274135 /* CardRow.swift in Sources */,
				8AE43365240513D400E5C977 /* StudyToneInterfaceController.swift in Sources */,
				8AF2864F242B6845007E606D /* CloudSectionView.swift in Sources */,
				8A684451243ED4D40032C963 /* SettingsHostingController.swift in Sources */,
				8AD5260E23A6354300274135 /* VocabManager.swift in Sources */,
				8A68444F243ECB010032C963 /* SettingsView.swift in Sources */,
				8AED1938242DD69D006A47F4 /* coredata_populate.xcdatamodeld in Sources */,
				8A684454243F1FA70032C963 /* SettingsModel.swift in Sources */,
				8A2C334424371DE800A76539 /* ToneGestureTracker.swift in Sources */,
				8A62CD3623FE2D8E00929454 /* CardDetails.swift in Sources */,
				8A9B7CFD23FBF7E100BA086B /* StudyVocabModel.swift in Sources */,
				8A5E5CEE242C8F4700691726 /* CloudCardView.swift in Sources */,
				8AA4D9B523FBD77B00FF13C0 /* StudyVocab.swift in Sources */,
				8A638F8123B35DA300D4DD7F /* StudyManager.swift in Sources */,
				8A5E5CEB242C8A6900691726 /* CardView.swift in Sources */,
				8A61F0752408BFAB00B434A0 /* Extensions.swift in Sources */,
				8AD525FC23A634CC00274135 /* ComplicationController.swift in Sources */,
				8A2C334524372D0600A76539 /* StudyToneModel.swift in Sources */,
				8AF2864C242B2F2C007E606D /* CloudListView.swift in Sources */,
				8AD525FA23A634CC00274135 /* ExtensionDelegate.swift in Sources */,
				8A7B0F6823AA0B9200DC1645 /* ListView.swift in Sources */,
			);
			runOnlyForDeploymentPostprocessing = 0;
		};
/* End PBXSourcesBuildPhase section */

/* Begin PBXTargetDependency section */
		8A72772923BB6A9700A70124 /* PBXTargetDependency */ = {
			isa = PBXTargetDependency;
			target = 8AD525E323A634CA00274135 /* WatchLanternhsk */;
			targetProxy = 8A72772823BB6A9700A70124 /* PBXContainerItemProxy */;
		};
		8ACBB0C3244D99AC00641B45 /* PBXTargetDependency */ = {
			isa = PBXTargetDependency;
			target = 8AD525EF23A634CC00274135 /* WatchLanternhsk Extension */;
			targetProxy = 8ACBB0C2244D99AC00641B45 /* PBXContainerItemProxy */;
		};
/* End PBXTargetDependency section */

/* Begin PBXVariantGroup section */
		8AD525D323A6253800274135 /* LaunchScreen.storyboard */ = {
			isa = PBXVariantGroup;
			children = (
				8AD525D423A6253800274135 /* Base */,
			);
			name = LaunchScreen.storyboard;
			sourceTree = "<group>";
		};
		8AD525E623A634CA00274135 /* Interface.storyboard */ = {
			isa = PBXVariantGroup;
			children = (
				8AD525E723A634CA00274135 /* Base */,
			);
			name = Interface.storyboard;
			sourceTree = "<group>";
		};
/* End PBXVariantGroup section */

/* Begin XCBuildConfiguration section */
		8AD525D723A6253800274135 /* Debug */ = {
			isa = XCBuildConfiguration;
			buildSettings = {
				ALWAYS_SEARCH_USER_PATHS = NO;
				CLANG_ANALYZER_NONNULL = YES;
				CLANG_ANALYZER_NUMBER_OBJECT_CONVERSION = YES_AGGRESSIVE;
				CLANG_CXX_LANGUAGE_STANDARD = "gnu++14";
				CLANG_CXX_LIBRARY = "libc++";
				CLANG_ENABLE_MODULES = YES;
				CLANG_ENABLE_OBJC_ARC = YES;
				CLANG_ENABLE_OBJC_WEAK = YES;
				CLANG_WARN_BLOCK_CAPTURE_AUTORELEASING = YES;
				CLANG_WARN_BOOL_CONVERSION = YES;
				CLANG_WARN_COMMA = YES;
				CLANG_WARN_CONSTANT_CONVERSION = YES;
				CLANG_WARN_DEPRECATED_OBJC_IMPLEMENTATIONS = YES;
				CLANG_WARN_DIRECT_OBJC_ISA_USAGE = YES_ERROR;
				CLANG_WARN_DOCUMENTATION_COMMENTS = YES;
				CLANG_WARN_EMPTY_BODY = YES;
				CLANG_WARN_ENUM_CONVERSION = YES;
				CLANG_WARN_INFINITE_RECURSION = YES;
				CLANG_WARN_INT_CONVERSION = YES;
				CLANG_WARN_NON_LITERAL_NULL_CONVERSION = YES;
				CLANG_WARN_OBJC_IMPLICIT_RETAIN_SELF = YES;
				CLANG_WARN_OBJC_LITERAL_CONVERSION = YES;
				CLANG_WARN_OBJC_ROOT_CLASS = YES_ERROR;
				CLANG_WARN_RANGE_LOOP_ANALYSIS = YES;
				CLANG_WARN_STRICT_PROTOTYPES = YES;
				CLANG_WARN_SUSPICIOUS_MOVE = YES;
				CLANG_WARN_UNGUARDED_AVAILABILITY = YES_AGGRESSIVE;
				CLANG_WARN_UNREACHABLE_CODE = YES;
				CLANG_WARN__DUPLICATE_METHOD_MATCH = YES;
				COPY_PHASE_STRIP = NO;
				DEBUG_INFORMATION_FORMAT = dwarf;
				ENABLE_STRICT_OBJC_MSGSEND = YES;
				ENABLE_TESTABILITY = YES;
				GCC_C_LANGUAGE_STANDARD = gnu11;
				GCC_DYNAMIC_NO_PIC = NO;
				GCC_NO_COMMON_BLOCKS = YES;
				GCC_OPTIMIZATION_LEVEL = 0;
				GCC_PREPROCESSOR_DEFINITIONS = (
					"DEBUG=1",
					"$(inherited)",
				);
				GCC_WARN_64_TO_32_BIT_CONVERSION = YES;
				GCC_WARN_ABOUT_RETURN_TYPE = YES_ERROR;
				GCC_WARN_UNDECLARED_SELECTOR = YES;
				GCC_WARN_UNINITIALIZED_AUTOS = YES_AGGRESSIVE;
				GCC_WARN_UNUSED_FUNCTION = YES;
				GCC_WARN_UNUSED_VARIABLE = YES;
				IPHONEOS_DEPLOYMENT_TARGET = 13.2;
				MTL_ENABLE_DEBUG_INFO = INCLUDE_SOURCE;
				MTL_FAST_MATH = YES;
				ONLY_ACTIVE_ARCH = YES;
				SDKROOT = iphoneos;
				SWIFT_ACTIVE_COMPILATION_CONDITIONS = DEBUG;
				SWIFT_OPTIMIZATION_LEVEL = "-Onone";
			};
			name = Debug;
		};
		8AD525D823A6253800274135 /* Release */ = {
			isa = XCBuildConfiguration;
			buildSettings = {
				ALWAYS_SEARCH_USER_PATHS = NO;
				CLANG_ANALYZER_NONNULL = YES;
				CLANG_ANALYZER_NUMBER_OBJECT_CONVERSION = YES_AGGRESSIVE;
				CLANG_CXX_LANGUAGE_STANDARD = "gnu++14";
				CLANG_CXX_LIBRARY = "libc++";
				CLANG_ENABLE_MODULES = YES;
				CLANG_ENABLE_OBJC_ARC = YES;
				CLANG_ENABLE_OBJC_WEAK = YES;
				CLANG_WARN_BLOCK_CAPTURE_AUTORELEASING = YES;
				CLANG_WARN_BOOL_CONVERSION = YES;
				CLANG_WARN_COMMA = YES;
				CLANG_WARN_CONSTANT_CONVERSION = YES;
				CLANG_WARN_DEPRECATED_OBJC_IMPLEMENTATIONS = YES;
				CLANG_WARN_DIRECT_OBJC_ISA_USAGE = YES_ERROR;
				CLANG_WARN_DOCUMENTATION_COMMENTS = YES;
				CLANG_WARN_EMPTY_BODY = YES;
				CLANG_WARN_ENUM_CONVERSION = YES;
				CLANG_WARN_INFINITE_RECURSION = YES;
				CLANG_WARN_INT_CONVERSION = YES;
				CLANG_WARN_NON_LITERAL_NULL_CONVERSION = YES;
				CLANG_WARN_OBJC_IMPLICIT_RETAIN_SELF = YES;
				CLANG_WARN_OBJC_LITERAL_CONVERSION = YES;
				CLANG_WARN_OBJC_ROOT_CLASS = YES_ERROR;
				CLANG_WARN_RANGE_LOOP_ANALYSIS = YES;
				CLANG_WARN_STRICT_PROTOTYPES = YES;
				CLANG_WARN_SUSPICIOUS_MOVE = YES;
				CLANG_WARN_UNGUARDED_AVAILABILITY = YES_AGGRESSIVE;
				CLANG_WARN_UNREACHABLE_CODE = YES;
				CLANG_WARN__DUPLICATE_METHOD_MATCH = YES;
				COPY_PHASE_STRIP = NO;
				DEBUG_INFORMATION_FORMAT = "dwarf-with-dsym";
				ENABLE_NS_ASSERTIONS = NO;
				ENABLE_STRICT_OBJC_MSGSEND = YES;
				GCC_C_LANGUAGE_STANDARD = gnu11;
				GCC_NO_COMMON_BLOCKS = YES;
				GCC_WARN_64_TO_32_BIT_CONVERSION = YES;
				GCC_WARN_ABOUT_RETURN_TYPE = YES_ERROR;
				GCC_WARN_UNDECLARED_SELECTOR = YES;
				GCC_WARN_UNINITIALIZED_AUTOS = YES_AGGRESSIVE;
				GCC_WARN_UNUSED_FUNCTION = YES;
				GCC_WARN_UNUSED_VARIABLE = YES;
				IPHONEOS_DEPLOYMENT_TARGET = 13.2;
				MTL_ENABLE_DEBUG_INFO = NO;
				MTL_FAST_MATH = YES;
				SDKROOT = iphoneos;
				SWIFT_COMPILATION_MODE = wholemodule;
				SWIFT_OPTIMIZATION_LEVEL = "-O";
				VALIDATE_PRODUCT = YES;
			};
			name = Release;
		};
		8AD525DA23A6253800274135 /* Debug */ = {
			isa = XCBuildConfiguration;
			buildSettings = {
				ASSETCATALOG_COMPILER_APPICON_NAME = AppIcon;
				CODE_SIGN_ENTITLEMENTS = lanternhsk/lanternhsk.entitlements;
				CODE_SIGN_STYLE = Automatic;
				DEVELOPMENT_ASSET_PATHS = "\"lanternhsk/Preview Content\"";
				DEVELOPMENT_TEAM = 3NQ697ND22;
				ENABLE_PREVIEWS = YES;
				INFOPLIST_FILE = lanternhsk/Info.plist;
				LD_RUNPATH_SEARCH_PATHS = (
					"$(inherited)",
					"@executable_path/Frameworks",
				);
				PRODUCT_BUNDLE_IDENTIFIER = com.rlc.lanternhsk;
				PRODUCT_NAME = Flashcards;
				SWIFT_VERSION = 5.0;
				TARGETED_DEVICE_FAMILY = "1,2";
			};
			name = Debug;
		};
		8AD525DB23A6253800274135 /* Release */ = {
			isa = XCBuildConfiguration;
			buildSettings = {
				ASSETCATALOG_COMPILER_APPICON_NAME = AppIcon;
				CODE_SIGN_ENTITLEMENTS = lanternhsk/lanternhsk.entitlements;
				CODE_SIGN_STYLE = Automatic;
				DEVELOPMENT_ASSET_PATHS = "\"lanternhsk/Preview Content\"";
				DEVELOPMENT_TEAM = 3NQ697ND22;
				ENABLE_PREVIEWS = YES;
				INFOPLIST_FILE = lanternhsk/Info.plist;
				LD_RUNPATH_SEARCH_PATHS = (
					"$(inherited)",
					"@executable_path/Frameworks",
				);
				PRODUCT_BUNDLE_IDENTIFIER = com.rlc.lanternhsk;
				PRODUCT_NAME = Flashcards;
				SWIFT_VERSION = 5.0;
				TARGETED_DEVICE_FAMILY = "1,2";
			};
			name = Release;
		};
		8AD5260723A634CD00274135 /* Debug */ = {
			isa = XCBuildConfiguration;
			buildSettings = {
				ASSETCATALOG_COMPILER_COMPLICATION_NAME = Complication;
				CODE_SIGN_ENTITLEMENTS = "WatchLanternhsk Extension/WatchLanternhsk Extension.entitlements";
				CODE_SIGN_STYLE = Automatic;
				DEVELOPMENT_ASSET_PATHS = "\"WatchLanternhsk Extension/Preview Content\"";
				DEVELOPMENT_TEAM = 3NQ697ND22;
				ENABLE_PREVIEWS = YES;
				INFOPLIST_FILE = "WatchLanternhsk Extension/Info.plist";
				LD_RUNPATH_SEARCH_PATHS = (
					"$(inherited)",
					"@executable_path/Frameworks",
					"@executable_path/../../Frameworks",
				);
				PRODUCT_BUNDLE_IDENTIFIER = com.rlc.lanternhsk.watchkitapp.watchkitextension;
				PRODUCT_NAME = "Flashcards Extension";
				SDKROOT = watchos;
				SKIP_INSTALL = YES;
				SWIFT_VERSION = 5.0;
				TARGETED_DEVICE_FAMILY = 4;
				WATCHOS_DEPLOYMENT_TARGET = 6.1;
			};
			name = Debug;
		};
		8AD5260823A634CD00274135 /* Release */ = {
			isa = XCBuildConfiguration;
			buildSettings = {
				ASSETCATALOG_COMPILER_COMPLICATION_NAME = Complication;
				CODE_SIGN_ENTITLEMENTS = "WatchLanternhsk Extension/WatchLanternhsk Extension.entitlements";
				CODE_SIGN_STYLE = Automatic;
				DEVELOPMENT_ASSET_PATHS = "\"WatchLanternhsk Extension/Preview Content\"";
				DEVELOPMENT_TEAM = 3NQ697ND22;
				ENABLE_PREVIEWS = YES;
				INFOPLIST_FILE = "WatchLanternhsk Extension/Info.plist";
				LD_RUNPATH_SEARCH_PATHS = (
					"$(inherited)",
					"@executable_path/Frameworks",
					"@executable_path/../../Frameworks",
				);
				PRODUCT_BUNDLE_IDENTIFIER = com.rlc.lanternhsk.watchkitapp.watchkitextension;
				PRODUCT_NAME = "Flashcards Extension";
				SDKROOT = watchos;
				SKIP_INSTALL = YES;
				SWIFT_VERSION = 5.0;
				TARGETED_DEVICE_FAMILY = 4;
				WATCHOS_DEPLOYMENT_TARGET = 6.1;
			};
			name = Release;
		};
		8AD5260B23A634CD00274135 /* Debug */ = {
			isa = XCBuildConfiguration;
			buildSettings = {
				ASSETCATALOG_COMPILER_APPICON_NAME = AppIcon;
				CODE_SIGN_STYLE = Automatic;
				DEVELOPMENT_TEAM = 3NQ697ND22;
				IBSC_MODULE = WatchLanternhsk_Extension;
				INFOPLIST_FILE = WatchLanternhsk/Info.plist;
				PRODUCT_BUNDLE_IDENTIFIER = com.rlc.lanternhsk.watchkitapp;
				PRODUCT_NAME = Flashcards;
				SDKROOT = watchos;
				SKIP_INSTALL = YES;
				SWIFT_VERSION = 5.0;
				TARGETED_DEVICE_FAMILY = 4;
				WATCHOS_DEPLOYMENT_TARGET = 6.1;
			};
			name = Debug;
		};
		8AD5260C23A634CD00274135 /* Release */ = {
			isa = XCBuildConfiguration;
			buildSettings = {
				ASSETCATALOG_COMPILER_APPICON_NAME = AppIcon;
				CODE_SIGN_STYLE = Automatic;
				DEVELOPMENT_TEAM = 3NQ697ND22;
				IBSC_MODULE = WatchLanternhsk_Extension;
				INFOPLIST_FILE = WatchLanternhsk/Info.plist;
				PRODUCT_BUNDLE_IDENTIFIER = com.rlc.lanternhsk.watchkitapp;
				PRODUCT_NAME = Flashcards;
				SDKROOT = watchos;
				SKIP_INSTALL = YES;
				SWIFT_VERSION = 5.0;
				TARGETED_DEVICE_FAMILY = 4;
				WATCHOS_DEPLOYMENT_TARGET = 6.1;
			};
			name = Release;
		};
/* End XCBuildConfiguration section */

/* Begin XCConfigurationList section */
		8AD525C023A6253600274135 /* Build configuration list for PBXProject "lanternhsk" */ = {
			isa = XCConfigurationList;
			buildConfigurations = (
				8AD525D723A6253800274135 /* Debug */,
				8AD525D823A6253800274135 /* Release */,
			);
			defaultConfigurationIsVisible = 0;
			defaultConfigurationName = Release;
		};
		8AD525D923A6253800274135 /* Build configuration list for PBXNativeTarget "lanternhsk" */ = {
			isa = XCConfigurationList;
			buildConfigurations = (
				8AD525DA23A6253800274135 /* Debug */,
				8AD525DB23A6253800274135 /* Release */,
			);
			defaultConfigurationIsVisible = 0;
			defaultConfigurationName = Release;
		};
		8AD5260623A634CD00274135 /* Build configuration list for PBXNativeTarget "WatchLanternhsk Extension" */ = {
			isa = XCConfigurationList;
			buildConfigurations = (
				8AD5260723A634CD00274135 /* Debug */,
				8AD5260823A634CD00274135 /* Release */,
			);
			defaultConfigurationIsVisible = 0;
			defaultConfigurationName = Release;
		};
		8AD5260A23A634CD00274135 /* Build configuration list for PBXNativeTarget "WatchLanternhsk" */ = {
			isa = XCConfigurationList;
			buildConfigurations = (
				8AD5260B23A634CD00274135 /* Debug */,
				8AD5260C23A634CD00274135 /* Release */,
			);
			defaultConfigurationIsVisible = 0;
			defaultConfigurationName = Release;
		};
/* End XCConfigurationList section */

/* Begin XCVersionGroup section */
		8AED1935242DD69D006A47F4 /* coredata_populate.xcdatamodeld */ = {
			isa = XCVersionGroup;
			children = (
				8AED1936242DD69D006A47F4 /* coredata_populate.xcdatamodel */,
			);
			currentVersion = 8AED1936242DD69D006A47F4 /* coredata_populate.xcdatamodel */;
			path = coredata_populate.xcdatamodeld;
			sourceTree = "<group>";
			versionGroupType = wrapper.xcdatamodel;
		};
/* End XCVersionGroup section */
	};
	rootObject = 8AD525BD23A6253600274135 /* Project object */;
}
